<?xml version="1.0" encoding="UTF-8"?>
<!DOCTYPE plist PUBLIC "-//Apple//DTD PLIST 1.0//EN" "http://www.apple.com/DTDs/PropertyList-1.0.dtd">
<plist version="1.0">
<dict>
	<key>archiveVersion</key>
	<string>1</string>
	<key>classes</key>
	<dict/>
	<key>objectVersion</key>
	<string>46</string>
	<key>objects</key>
	<dict>
		<key>0E5AD530A00240BE98FA8BA2</key>
		<dict>
			<key>buildActionMask</key>
			<string>2147483647</string>
			<key>files</key>
			<array/>
			<key>inputPaths</key>
			<array/>
			<key>isa</key>
			<string>PBXShellScriptBuildPhase</string>
			<key>name</key>
			<string>Check Pods Manifest.lock</string>
			<key>outputPaths</key>
			<array/>
			<key>runOnlyForDeploymentPostprocessing</key>
			<string>0</string>
			<key>shellPath</key>
			<string>/bin/sh</string>
			<key>shellScript</key>
			<string>diff "${PODS_ROOT}/../Podfile.lock" "${PODS_ROOT}/Manifest.lock" &gt; /dev/null
if [[ $? != 0 ]] ; then
    cat &lt;&lt; EOM
error: The sandbox is not in sync with the Podfile.lock. Run 'pod install' or update your CocoaPods installation.
EOM
    exit 1
fi
</string>
			<key>showEnvVarsInLog</key>
			<string>0</string>
		</dict>
		<key>1DF6681BD3834B50982446AA</key>
		<dict>
			<key>explicitFileType</key>
			<string>archive.ar</string>
			<key>includeInIndex</key>
			<string>0</string>
			<key>isa</key>
			<string>PBXFileReference</string>
			<key>path</key>
			<string>libPods-BalanceWheel-OSX.a</string>
			<key>sourceTree</key>
			<string>BUILT_PRODUCTS_DIR</string>
		</dict>
		<key>48A6F6724CBF450581255789</key>
		<dict>
			<key>buildActionMask</key>
			<string>2147483647</string>
			<key>files</key>
			<array/>
			<key>inputPaths</key>
			<array/>
			<key>isa</key>
			<string>PBXShellScriptBuildPhase</string>
			<key>name</key>
			<string>Check Pods Manifest.lock</string>
			<key>outputPaths</key>
			<array/>
			<key>runOnlyForDeploymentPostprocessing</key>
			<string>0</string>
			<key>shellPath</key>
			<string>/bin/sh</string>
			<key>shellScript</key>
			<string>diff "${PODS_ROOT}/../Podfile.lock" "${PODS_ROOT}/Manifest.lock" &gt; /dev/null
if [[ $? != 0 ]] ; then
    cat &lt;&lt; EOM
error: The sandbox is not in sync with the Podfile.lock. Run 'pod install' or update your CocoaPods installation.
EOM
    exit 1
fi
</string>
			<key>showEnvVarsInLog</key>
			<string>0</string>
		</dict>
		<key>55AEAC00F54A411989BD828E</key>
		<dict>
			<key>includeInIndex</key>
			<string>1</string>
			<key>isa</key>
			<string>PBXFileReference</string>
			<key>lastKnownFileType</key>
			<string>text.xcconfig</string>
			<key>name</key>
			<string>Pods-BalanceWheel-iOS.xcconfig</string>
			<key>path</key>
			<string>Pods/Pods-BalanceWheel-iOS.xcconfig</string>
			<key>sourceTree</key>
			<string>&lt;group&gt;</string>
		</dict>
		<key>8943206B199218EC0008FCD3</key>
		<dict>
			<key>children</key>
			<array>
				<string>8943207D199218EC0008FCD3</string>
				<string>894320A41992198E0008FCD3</string>
				<string>894320B41992198E0008FCD3</string>
				<string>894320C9199219990008FCD3</string>
				<string>894320DC199219990008FCD3</string>
				<string>89432076199218EC0008FCD3</string>
				<string>89432075199218EC0008FCD3</string>
				<string>B746A31E1CC14788B51EDC17</string>
				<string>55AEAC00F54A411989BD828E</string>
			</array>
			<key>isa</key>
			<string>PBXGroup</string>
			<key>sourceTree</key>
			<string>&lt;group&gt;</string>
		</dict>
		<key>8943206C199218EC0008FCD3</key>
		<dict>
			<key>attributes</key>
			<dict>
				<key>LastUpgradeCheck</key>
				<string>0510</string>
				<key>ORGANIZATIONNAME</key>
				<string>Derek Chen</string>
			</dict>
			<key>buildConfigurationList</key>
			<string>8943206F199218EC0008FCD3</string>
			<key>compatibilityVersion</key>
			<string>Xcode 3.2</string>
			<key>developmentRegion</key>
			<string>English</string>
			<key>hasScannedForEncodings</key>
			<string>0</string>
			<key>isa</key>
			<string>PBXProject</string>
			<key>knownRegions</key>
			<array>
				<string>en</string>
			</array>
			<key>mainGroup</key>
			<string>8943206B199218EC0008FCD3</string>
			<key>productRefGroup</key>
			<string>89432075199218EC0008FCD3</string>
			<key>projectDirPath</key>
			<string></string>
			<key>projectReferences</key>
			<array/>
			<key>projectRoot</key>
			<string></string>
			<key>targets</key>
			<array>
				<string>894320A11992198E0008FCD3</string>
				<string>894320AD1992198E0008FCD3</string>
				<string>894320C5199219990008FCD3</string>
				<string>894320D3199219990008FCD3</string>
			</array>
		</dict>
		<key>8943206F199218EC0008FCD3</key>
		<dict>
			<key>buildConfigurations</key>
			<array>
				<string>89432096199218ED0008FCD3</string>
				<string>89432097199218ED0008FCD3</string>
			</array>
			<key>defaultConfigurationIsVisible</key>
			<string>0</string>
			<key>defaultConfigurationName</key>
			<string>Release</string>
			<key>isa</key>
			<string>XCConfigurationList</string>
		</dict>
		<key>89432075199218EC0008FCD3</key>
		<dict>
			<key>children</key>
			<array>
				<string>894320A21992198E0008FCD3</string>
				<string>894320AE1992198E0008FCD3</string>
				<string>894320C6199219990008FCD3</string>
				<string>894320D4199219990008FCD3</string>
			</array>
			<key>isa</key>
			<string>PBXGroup</string>
			<key>name</key>
			<string>Products</string>
			<key>sourceTree</key>
			<string>&lt;group&gt;</string>
		</dict>
		<key>89432076199218EC0008FCD3</key>
		<dict>
			<key>children</key>
			<array>
				<string>89432077199218EC0008FCD3</string>
				<string>89432088199218EC0008FCD3</string>
				<string>894320C7199219990008FCD3</string>
				<string>894320D7199219990008FCD3</string>
				<string>89432079199218EC0008FCD3</string>
				<string>1DF6681BD3834B50982446AA</string>
				<string>F9BBFA088B204071BAE0F6A5</string>
			</array>
			<key>isa</key>
			<string>PBXGroup</string>
			<key>name</key>
			<string>Frameworks</string>
			<key>sourceTree</key>
			<string>&lt;group&gt;</string>
		</dict>
		<key>89432077199218EC0008FCD3</key>
		<dict>
			<key>isa</key>
			<string>PBXFileReference</string>
			<key>lastKnownFileType</key>
			<string>wrapper.framework</string>
			<key>name</key>
			<string>Cocoa.framework</string>
			<key>path</key>
			<string>System/Library/Frameworks/Cocoa.framework</string>
			<key>sourceTree</key>
			<string>SDKROOT</string>
		</dict>
		<key>89432079199218EC0008FCD3</key>
		<dict>
			<key>children</key>
			<array>
				<string>8943207A199218EC0008FCD3</string>
				<string>8943207B199218EC0008FCD3</string>
				<string>8943207C199218EC0008FCD3</string>
			</array>
			<key>isa</key>
			<string>PBXGroup</string>
			<key>name</key>
			<string>Other Frameworks</string>
			<key>sourceTree</key>
			<string>&lt;group&gt;</string>
		</dict>
		<key>8943207A199218EC0008FCD3</key>
		<dict>
			<key>isa</key>
			<string>PBXFileReference</string>
			<key>lastKnownFileType</key>
			<string>wrapper.framework</string>
			<key>name</key>
			<string>Foundation.framework</string>
			<key>path</key>
			<string>System/Library/Frameworks/Foundation.framework</string>
			<key>sourceTree</key>
			<string>SDKROOT</string>
		</dict>
		<key>8943207B199218EC0008FCD3</key>
		<dict>
			<key>isa</key>
			<string>PBXFileReference</string>
			<key>lastKnownFileType</key>
			<string>wrapper.framework</string>
			<key>name</key>
			<string>CoreData.framework</string>
			<key>path</key>
			<string>System/Library/Frameworks/CoreData.framework</string>
			<key>sourceTree</key>
			<string>SDKROOT</string>
		</dict>
		<key>8943207C199218EC0008FCD3</key>
		<dict>
			<key>isa</key>
			<string>PBXFileReference</string>
			<key>lastKnownFileType</key>
			<string>wrapper.framework</string>
			<key>name</key>
			<string>AppKit.framework</string>
			<key>path</key>
			<string>System/Library/Frameworks/AppKit.framework</string>
			<key>sourceTree</key>
			<string>SDKROOT</string>
		</dict>
		<key>8943207D199218EC0008FCD3</key>
		<dict>
			<key>children</key>
			<array>
				<string>894320EA199219D70008FCD3</string>
			</array>
			<key>isa</key>
			<string>PBXGroup</string>
			<key>path</key>
			<string>BalanceWheel</string>
			<key>sourceTree</key>
			<string>&lt;group&gt;</string>
		</dict>
		<key>89432088199218EC0008FCD3</key>
		<dict>
			<key>isa</key>
			<string>PBXFileReference</string>
			<key>lastKnownFileType</key>
			<string>wrapper.framework</string>
			<key>name</key>
			<string>XCTest.framework</string>
			<key>path</key>
			<string>Library/Frameworks/XCTest.framework</string>
			<key>sourceTree</key>
			<string>DEVELOPER_DIR</string>
		</dict>
		<key>89432096199218ED0008FCD3</key>
		<dict>
			<key>buildSettings</key>
			<dict>
				<key>ALWAYS_SEARCH_USER_PATHS</key>
				<string>NO</string>
				<key>CLANG_CXX_LANGUAGE_STANDARD</key>
				<string>gnu++0x</string>
				<key>CLANG_CXX_LIBRARY</key>
				<string>libc++</string>
				<key>CLANG_ENABLE_MODULES</key>
				<string>YES</string>
				<key>CLANG_ENABLE_OBJC_ARC</key>
				<string>YES</string>
				<key>CLANG_WARN_BOOL_CONVERSION</key>
				<string>YES</string>
				<key>CLANG_WARN_CONSTANT_CONVERSION</key>
				<string>YES</string>
				<key>CLANG_WARN_DIRECT_OBJC_ISA_USAGE</key>
				<string>YES_ERROR</string>
				<key>CLANG_WARN_EMPTY_BODY</key>
				<string>YES</string>
				<key>CLANG_WARN_ENUM_CONVERSION</key>
				<string>YES</string>
				<key>CLANG_WARN_INT_CONVERSION</key>
				<string>YES</string>
				<key>CLANG_WARN_OBJC_ROOT_CLASS</key>
				<string>YES_ERROR</string>
				<key>CLANG_WARN__DUPLICATE_METHOD_MATCH</key>
				<string>YES</string>
				<key>COPY_PHASE_STRIP</key>
				<string>NO</string>
				<key>GCC_C_LANGUAGE_STANDARD</key>
				<string>gnu99</string>
				<key>GCC_DYNAMIC_NO_PIC</key>
				<string>NO</string>
				<key>GCC_ENABLE_OBJC_EXCEPTIONS</key>
				<string>YES</string>
				<key>GCC_OPTIMIZATION_LEVEL</key>
				<string>0</string>
				<key>GCC_PREPROCESSOR_DEFINITIONS</key>
				<array>
					<string>DEBUG=1</string>
					<string>$(inherited)</string>
				</array>
				<key>GCC_SYMBOLS_PRIVATE_EXTERN</key>
				<string>NO</string>
				<key>GCC_WARN_64_TO_32_BIT_CONVERSION</key>
				<string>YES</string>
				<key>GCC_WARN_ABOUT_RETURN_TYPE</key>
				<string>YES_ERROR</string>
				<key>GCC_WARN_UNDECLARED_SELECTOR</key>
				<string>YES</string>
				<key>GCC_WARN_UNINITIALIZED_AUTOS</key>
				<string>YES_AGGRESSIVE</string>
				<key>GCC_WARN_UNUSED_FUNCTION</key>
				<string>YES</string>
				<key>GCC_WARN_UNUSED_VARIABLE</key>
				<string>YES</string>
				<key>MACOSX_DEPLOYMENT_TARGET</key>
				<string>10.9</string>
				<key>ONLY_ACTIVE_ARCH</key>
				<string>YES</string>
				<key>SDKROOT</key>
				<string>macosx</string>
			</dict>
			<key>isa</key>
			<string>XCBuildConfiguration</string>
			<key>name</key>
			<string>Debug</string>
		</dict>
		<key>89432097199218ED0008FCD3</key>
		<dict>
			<key>buildSettings</key>
			<dict>
				<key>ALWAYS_SEARCH_USER_PATHS</key>
				<string>NO</string>
				<key>CLANG_CXX_LANGUAGE_STANDARD</key>
				<string>gnu++0x</string>
				<key>CLANG_CXX_LIBRARY</key>
				<string>libc++</string>
				<key>CLANG_ENABLE_MODULES</key>
				<string>YES</string>
				<key>CLANG_ENABLE_OBJC_ARC</key>
				<string>YES</string>
				<key>CLANG_WARN_BOOL_CONVERSION</key>
				<string>YES</string>
				<key>CLANG_WARN_CONSTANT_CONVERSION</key>
				<string>YES</string>
				<key>CLANG_WARN_DIRECT_OBJC_ISA_USAGE</key>
				<string>YES_ERROR</string>
				<key>CLANG_WARN_EMPTY_BODY</key>
				<string>YES</string>
				<key>CLANG_WARN_ENUM_CONVERSION</key>
				<string>YES</string>
				<key>CLANG_WARN_INT_CONVERSION</key>
				<string>YES</string>
				<key>CLANG_WARN_OBJC_ROOT_CLASS</key>
				<string>YES_ERROR</string>
				<key>CLANG_WARN__DUPLICATE_METHOD_MATCH</key>
				<string>YES</string>
				<key>COPY_PHASE_STRIP</key>
				<string>YES</string>
				<key>DEBUG_INFORMATION_FORMAT</key>
				<string>dwarf-with-dsym</string>
				<key>ENABLE_NS_ASSERTIONS</key>
				<string>NO</string>
				<key>GCC_C_LANGUAGE_STANDARD</key>
				<string>gnu99</string>
				<key>GCC_ENABLE_OBJC_EXCEPTIONS</key>
				<string>YES</string>
				<key>GCC_WARN_64_TO_32_BIT_CONVERSION</key>
				<string>YES</string>
				<key>GCC_WARN_ABOUT_RETURN_TYPE</key>
				<string>YES_ERROR</string>
				<key>GCC_WARN_UNDECLARED_SELECTOR</key>
				<string>YES</string>
				<key>GCC_WARN_UNINITIALIZED_AUTOS</key>
				<string>YES_AGGRESSIVE</string>
				<key>GCC_WARN_UNUSED_FUNCTION</key>
				<string>YES</string>
				<key>GCC_WARN_UNUSED_VARIABLE</key>
				<string>YES</string>
				<key>MACOSX_DEPLOYMENT_TARGET</key>
				<string>10.9</string>
				<key>SDKROOT</key>
				<string>macosx</string>
			</dict>
			<key>isa</key>
			<string>XCBuildConfiguration</string>
			<key>name</key>
			<string>Release</string>
		</dict>
		<key>8943209E1992198E0008FCD3</key>
		<dict>
			<key>buildActionMask</key>
			<string>2147483647</string>
			<key>files</key>
			<array>
				<string>894320A91992198E0008FCD3</string>
				<string>894320EE199219F00008FCD3</string>
			</array>
			<key>isa</key>
			<string>PBXSourcesBuildPhase</string>
			<key>runOnlyForDeploymentPostprocessing</key>
			<string>0</string>
		</dict>
		<key>8943209F1992198E0008FCD3</key>
		<dict>
			<key>buildActionMask</key>
			<string>2147483647</string>
			<key>files</key>
			<array>
				<string>894320A31992198E0008FCD3</string>
				<string>AB31B80116BB4924B70C0D34</string>
			</array>
			<key>isa</key>
			<string>PBXFrameworksBuildPhase</string>
			<key>runOnlyForDeploymentPostprocessing</key>
			<string>0</string>
		</dict>
		<key>894320A01992198E0008FCD3</key>
		<dict>
			<key>buildActionMask</key>
			<string>2147483647</string>
			<key>files</key>
			<array>
				<string>894320ED199219F00008FCD3</string>
			</array>
			<key>isa</key>
			<string>PBXHeadersBuildPhase</string>
			<key>runOnlyForDeploymentPostprocessing</key>
			<string>0</string>
		</dict>
		<key>894320A11992198E0008FCD3</key>
		<dict>
			<key>buildConfigurationList</key>
			<string>894320BC1992198E0008FCD3</string>
			<key>buildPhases</key>
			<array>
				<string>0E5AD530A00240BE98FA8BA2</string>
				<string>8943209E1992198E0008FCD3</string>
				<string>8943209F1992198E0008FCD3</string>
				<string>894320A01992198E0008FCD3</string>
				<string>89737AB5EBD84FEFB43E3A58</string>
			</array>
			<key>buildRules</key>
			<array/>
			<key>dependencies</key>
			<array/>
			<key>isa</key>
			<string>PBXNativeTarget</string>
			<key>name</key>
			<string>BalanceWheel-OSX</string>
			<key>productName</key>
			<string>BalanceWheel-OSX</string>
			<key>productReference</key>
			<string>894320A21992198E0008FCD3</string>
			<key>productType</key>
			<string>com.apple.product-type.library.static</string>
		</dict>
		<key>894320A21992198E0008FCD3</key>
		<dict>
			<key>explicitFileType</key>
			<string>archive.ar</string>
			<key>includeInIndex</key>
			<string>0</string>
			<key>isa</key>
			<string>PBXFileReference</string>
			<key>path</key>
			<string>libBalanceWheel-OSX.a</string>
			<key>sourceTree</key>
			<string>BUILT_PRODUCTS_DIR</string>
		</dict>
		<key>894320A31992198E0008FCD3</key>
		<dict>
			<key>fileRef</key>
			<string>89432077199218EC0008FCD3</string>
			<key>isa</key>
			<string>PBXBuildFile</string>
		</dict>
		<key>894320A41992198E0008FCD3</key>
		<dict>
			<key>children</key>
			<array>
				<string>894320A71992198E0008FCD3</string>
				<string>894320A81992198E0008FCD3</string>
				<string>894320A51992198E0008FCD3</string>
			</array>
			<key>isa</key>
			<string>PBXGroup</string>
			<key>path</key>
			<string>BalanceWheel-OSX</string>
			<key>sourceTree</key>
			<string>&lt;group&gt;</string>
		</dict>
		<key>894320A51992198E0008FCD3</key>
		<dict>
			<key>children</key>
			<array>
				<string>894320A61992198E0008FCD3</string>
			</array>
			<key>isa</key>
			<string>PBXGroup</string>
			<key>name</key>
			<string>Supporting Files</string>
			<key>sourceTree</key>
			<string>&lt;group&gt;</string>
		</dict>
		<key>894320A61992198E0008FCD3</key>
		<dict>
			<key>isa</key>
			<string>PBXFileReference</string>
			<key>lastKnownFileType</key>
			<string>sourcecode.c.h</string>
			<key>path</key>
			<string>BalanceWheel-OSX-Prefix.pch</string>
			<key>sourceTree</key>
			<string>&lt;group&gt;</string>
		</dict>
		<key>894320A71992198E0008FCD3</key>
		<dict>
			<key>isa</key>
			<string>PBXFileReference</string>
			<key>lastKnownFileType</key>
			<string>sourcecode.c.h</string>
			<key>path</key>
			<string>BalanceWheel_OSX.h</string>
			<key>sourceTree</key>
			<string>&lt;group&gt;</string>
		</dict>
		<key>894320A81992198E0008FCD3</key>
		<dict>
			<key>isa</key>
			<string>PBXFileReference</string>
			<key>lastKnownFileType</key>
			<string>sourcecode.c.objc</string>
			<key>path</key>
			<string>BalanceWheel_OSX.m</string>
			<key>sourceTree</key>
			<string>&lt;group&gt;</string>
		</dict>
		<key>894320A91992198E0008FCD3</key>
		<dict>
			<key>fileRef</key>
			<string>894320A81992198E0008FCD3</string>
			<key>isa</key>
			<string>PBXBuildFile</string>
		</dict>
		<key>894320AA1992198E0008FCD3</key>
		<dict>
			<key>buildActionMask</key>
			<string>2147483647</string>
			<key>files</key>
			<array>
				<string>894320BB1992198E0008FCD3</string>
				<string>894320EF199219F00008FCD3</string>
			</array>
			<key>isa</key>
			<string>PBXSourcesBuildPhase</string>
			<key>runOnlyForDeploymentPostprocessing</key>
			<string>0</string>
		</dict>
		<key>894320AB1992198E0008FCD3</key>
		<dict>
			<key>buildActionMask</key>
			<string>2147483647</string>
			<key>files</key>
			<array>
				<string>894320B01992198E0008FCD3</string>
				<string>894320AF1992198E0008FCD3</string>
				<string>894320B31992198E0008FCD3</string>
			</array>
			<key>isa</key>
			<string>PBXFrameworksBuildPhase</string>
			<key>runOnlyForDeploymentPostprocessing</key>
			<string>0</string>
		</dict>
		<key>894320AC1992198E0008FCD3</key>
		<dict>
			<key>buildActionMask</key>
			<string>2147483647</string>
			<key>files</key>
			<array>
				<string>894320B91992198E0008FCD3</string>
			</array>
			<key>isa</key>
			<string>PBXResourcesBuildPhase</string>
			<key>runOnlyForDeploymentPostprocessing</key>
			<string>0</string>
		</dict>
		<key>894320AD1992198E0008FCD3</key>
		<dict>
			<key>buildConfigurationList</key>
			<string>894320BF1992198E0008FCD3</string>
			<key>buildPhases</key>
			<array>
				<string>894320AA1992198E0008FCD3</string>
				<string>894320AB1992198E0008FCD3</string>
				<string>894320AC1992198E0008FCD3</string>
			</array>
			<key>buildRules</key>
			<array/>
			<key>dependencies</key>
			<array>
				<string>894320B21992198E0008FCD3</string>
			</array>
			<key>isa</key>
			<string>PBXNativeTarget</string>
			<key>name</key>
			<string>BalanceWheel-OSXTests</string>
			<key>productName</key>
			<string>BalanceWheel-OSXTests</string>
			<key>productReference</key>
			<string>894320AE1992198E0008FCD3</string>
			<key>productType</key>
			<string>com.apple.product-type.bundle.unit-test</string>
		</dict>
		<key>894320AE1992198E0008FCD3</key>
		<dict>
			<key>explicitFileType</key>
			<string>wrapper.cfbundle</string>
			<key>includeInIndex</key>
			<string>0</string>
			<key>isa</key>
			<string>PBXFileReference</string>
			<key>path</key>
			<string>BalanceWheel-OSXTests.xctest</string>
			<key>sourceTree</key>
			<string>BUILT_PRODUCTS_DIR</string>
		</dict>
		<key>894320AF1992198E0008FCD3</key>
		<dict>
			<key>fileRef</key>
			<string>89432088199218EC0008FCD3</string>
			<key>isa</key>
			<string>PBXBuildFile</string>
		</dict>
		<key>894320B01992198E0008FCD3</key>
		<dict>
			<key>fileRef</key>
			<string>89432077199218EC0008FCD3</string>
			<key>isa</key>
			<string>PBXBuildFile</string>
		</dict>
		<key>894320B11992198E0008FCD3</key>
		<dict>
			<key>containerPortal</key>
			<string>8943206C199218EC0008FCD3</string>
			<key>isa</key>
			<string>PBXContainerItemProxy</string>
			<key>proxyType</key>
			<string>1</string>
			<key>remoteGlobalIDString</key>
			<string>894320A11992198E0008FCD3</string>
			<key>remoteInfo</key>
			<string>BalanceWheel-OSX</string>
		</dict>
		<key>894320B21992198E0008FCD3</key>
		<dict>
			<key>isa</key>
			<string>PBXTargetDependency</string>
			<key>target</key>
			<string>894320A11992198E0008FCD3</string>
			<key>targetProxy</key>
			<string>894320B11992198E0008FCD3</string>
		</dict>
		<key>894320B31992198E0008FCD3</key>
		<dict>
			<key>fileRef</key>
			<string>894320A21992198E0008FCD3</string>
			<key>isa</key>
			<string>PBXBuildFile</string>
		</dict>
		<key>894320B41992198E0008FCD3</key>
		<dict>
			<key>children</key>
			<array>
				<string>894320BA1992198E0008FCD3</string>
				<string>894320B51992198E0008FCD3</string>
			</array>
			<key>isa</key>
			<string>PBXGroup</string>
			<key>path</key>
			<string>BalanceWheel-OSXTests</string>
			<key>sourceTree</key>
			<string>&lt;group&gt;</string>
		</dict>
		<key>894320B51992198E0008FCD3</key>
		<dict>
			<key>children</key>
			<array>
				<string>894320B61992198E0008FCD3</string>
				<string>894320B71992198E0008FCD3</string>
			</array>
			<key>isa</key>
			<string>PBXGroup</string>
			<key>name</key>
			<string>Supporting Files</string>
			<key>sourceTree</key>
			<string>&lt;group&gt;</string>
		</dict>
		<key>894320B61992198E0008FCD3</key>
		<dict>
			<key>isa</key>
			<string>PBXFileReference</string>
			<key>lastKnownFileType</key>
			<string>text.plist.xml</string>
			<key>path</key>
			<string>BalanceWheel-OSXTests-Info.plist</string>
			<key>sourceTree</key>
			<string>&lt;group&gt;</string>
		</dict>
		<key>894320B71992198E0008FCD3</key>
		<dict>
			<key>children</key>
			<array>
				<string>894320B81992198E0008FCD3</string>
			</array>
			<key>isa</key>
			<string>PBXVariantGroup</string>
			<key>name</key>
			<string>InfoPlist.strings</string>
			<key>sourceTree</key>
			<string>&lt;group&gt;</string>
		</dict>
		<key>894320B81992198E0008FCD3</key>
		<dict>
			<key>isa</key>
			<string>PBXFileReference</string>
			<key>lastKnownFileType</key>
			<string>text.plist.strings</string>
			<key>name</key>
			<string>en</string>
			<key>path</key>
			<string>en.lproj/InfoPlist.strings</string>
			<key>sourceTree</key>
			<string>&lt;group&gt;</string>
		</dict>
		<key>894320B91992198E0008FCD3</key>
		<dict>
			<key>fileRef</key>
			<string>894320B71992198E0008FCD3</string>
			<key>isa</key>
			<string>PBXBuildFile</string>
		</dict>
		<key>894320BA1992198E0008FCD3</key>
		<dict>
			<key>isa</key>
			<string>PBXFileReference</string>
			<key>lastKnownFileType</key>
			<string>sourcecode.c.objc</string>
			<key>path</key>
			<string>BalanceWheel_OSXTests.m</string>
			<key>sourceTree</key>
			<string>&lt;group&gt;</string>
		</dict>
		<key>894320BB1992198E0008FCD3</key>
		<dict>
			<key>fileRef</key>
			<string>894320BA1992198E0008FCD3</string>
			<key>isa</key>
			<string>PBXBuildFile</string>
		</dict>
		<key>894320BC1992198E0008FCD3</key>
		<dict>
			<key>buildConfigurations</key>
			<array>
				<string>894320BD1992198E0008FCD3</string>
				<string>894320BE1992198E0008FCD3</string>
			</array>
			<key>defaultConfigurationIsVisible</key>
			<string>0</string>
			<key>isa</key>
			<string>XCConfigurationList</string>
		</dict>
		<key>894320BD1992198E0008FCD3</key>
		<dict>
			<key>baseConfigurationReference</key>
			<string>B746A31E1CC14788B51EDC17</string>
			<key>buildSettings</key>
			<dict>
				<key>GCC_PRECOMPILE_PREFIX_HEADER</key>
				<string>YES</string>
				<key>GCC_PREFIX_HEADER</key>
				<string>BalanceWheel-OSX/BalanceWheel-OSX-Prefix.pch</string>
				<key>GCC_PREPROCESSOR_DEFINITIONS</key>
				<array>
					<string>DEBUG=1</string>
					<string>$(inherited)</string>
				</array>
				<key>PRODUCT_NAME</key>
				<string>$(TARGET_NAME)</string>
			</dict>
			<key>isa</key>
			<string>XCBuildConfiguration</string>
			<key>name</key>
			<string>Debug</string>
		</dict>
		<key>894320BE1992198E0008FCD3</key>
		<dict>
			<key>baseConfigurationReference</key>
			<string>B746A31E1CC14788B51EDC17</string>
			<key>buildSettings</key>
			<dict>
				<key>GCC_PRECOMPILE_PREFIX_HEADER</key>
				<string>YES</string>
				<key>GCC_PREFIX_HEADER</key>
				<string>BalanceWheel-OSX/BalanceWheel-OSX-Prefix.pch</string>
				<key>PRODUCT_NAME</key>
				<string>$(TARGET_NAME)</string>
			</dict>
			<key>isa</key>
			<string>XCBuildConfiguration</string>
			<key>name</key>
			<string>Release</string>
		</dict>
		<key>894320BF1992198E0008FCD3</key>
		<dict>
			<key>buildConfigurations</key>
			<array>
				<string>894320C01992198E0008FCD3</string>
				<string>894320C11992198E0008FCD3</string>
			</array>
			<key>defaultConfigurationIsVisible</key>
			<string>0</string>
			<key>isa</key>
			<string>XCConfigurationList</string>
		</dict>
		<key>894320C01992198E0008FCD3</key>
		<dict>
			<key>buildSettings</key>
			<dict>
				<key>COMBINE_HIDPI_IMAGES</key>
				<string>YES</string>
				<key>FRAMEWORK_SEARCH_PATHS</key>
				<array>
					<string>$(DEVELOPER_FRAMEWORKS_DIR)</string>
					<string>$(inherited)</string>
				</array>
				<key>GCC_PRECOMPILE_PREFIX_HEADER</key>
				<string>YES</string>
				<key>GCC_PREFIX_HEADER</key>
				<string>BalanceWheel-OSX/BalanceWheel-OSX-Prefix.pch</string>
				<key>GCC_PREPROCESSOR_DEFINITIONS</key>
				<array>
					<string>DEBUG=1</string>
					<string>$(inherited)</string>
				</array>
				<key>INFOPLIST_FILE</key>
				<string>BalanceWheel-OSXTests/BalanceWheel-OSXTests-Info.plist</string>
				<key>PRODUCT_NAME</key>
				<string>$(TARGET_NAME)</string>
				<key>WRAPPER_EXTENSION</key>
				<string>xctest</string>
			</dict>
			<key>isa</key>
			<string>XCBuildConfiguration</string>
			<key>name</key>
			<string>Debug</string>
		</dict>
		<key>894320C11992198E0008FCD3</key>
		<dict>
			<key>buildSettings</key>
			<dict>
				<key>COMBINE_HIDPI_IMAGES</key>
				<string>YES</string>
				<key>FRAMEWORK_SEARCH_PATHS</key>
				<array>
					<string>$(DEVELOPER_FRAMEWORKS_DIR)</string>
					<string>$(inherited)</string>
				</array>
				<key>GCC_PRECOMPILE_PREFIX_HEADER</key>
				<string>YES</string>
				<key>GCC_PREFIX_HEADER</key>
				<string>BalanceWheel-OSX/BalanceWheel-OSX-Prefix.pch</string>
				<key>INFOPLIST_FILE</key>
				<string>BalanceWheel-OSXTests/BalanceWheel-OSXTests-Info.plist</string>
				<key>PRODUCT_NAME</key>
				<string>$(TARGET_NAME)</string>
				<key>WRAPPER_EXTENSION</key>
				<string>xctest</string>
			</dict>
			<key>isa</key>
			<string>XCBuildConfiguration</string>
			<key>name</key>
			<string>Release</string>
		</dict>
		<key>894320C2199219990008FCD3</key>
		<dict>
			<key>buildActionMask</key>
			<string>2147483647</string>
			<key>files</key>
			<array>
				<string>894320CF199219990008FCD3</string>
				<string>894320F0199219F00008FCD3</string>
			</array>
			<key>isa</key>
			<string>PBXSourcesBuildPhase</string>
			<key>runOnlyForDeploymentPostprocessing</key>
			<string>0</string>
		</dict>
		<key>894320C3199219990008FCD3</key>
		<dict>
			<key>buildActionMask</key>
			<string>2147483647</string>
			<key>files</key>
			<array>
				<string>894320C8199219990008FCD3</string>
				<string>CB048BF815E44619919E9A1E</string>
			</array>
			<key>isa</key>
			<string>PBXFrameworksBuildPhase</string>
			<key>runOnlyForDeploymentPostprocessing</key>
			<string>0</string>
		</dict>
		<key>894320C4199219990008FCD3</key>
		<dict>
			<key>buildActionMask</key>
			<string>2147483647</string>
			<key>dstPath</key>
			<string>include/$(PRODUCT_NAME)</string>
			<key>dstSubfolderSpec</key>
			<string>16</string>
			<key>files</key>
			<array>
				<string>894320CD199219990008FCD3</string>
			</array>
			<key>isa</key>
			<string>PBXCopyFilesBuildPhase</string>
			<key>runOnlyForDeploymentPostprocessing</key>
			<string>0</string>
		</dict>
		<key>894320C5199219990008FCD3</key>
		<dict>
			<key>buildConfigurationList</key>
			<string>894320E4199219990008FCD3</string>
			<key>buildPhases</key>
			<array>
				<string>48A6F6724CBF450581255789</string>
				<string>894320C2199219990008FCD3</string>
				<string>894320C3199219990008FCD3</string>
				<string>894320C4199219990008FCD3</string>
				<string>DA0DA9AAEF984DFD8ECF6207</string>
			</array>
			<key>buildRules</key>
			<array/>
			<key>dependencies</key>
			<array/>
			<key>isa</key>
			<string>PBXNativeTarget</string>
			<key>name</key>
			<string>BalanceWheel-iOS</string>
			<key>productName</key>
			<string>BalanceWheel-iOS</string>
			<key>productReference</key>
			<string>894320C6199219990008FCD3</string>
			<key>productType</key>
			<string>com.apple.product-type.library.static</string>
		</dict>
		<key>894320C6199219990008FCD3</key>
		<dict>
			<key>explicitFileType</key>
			<string>archive.ar</string>
			<key>includeInIndex</key>
			<string>0</string>
			<key>isa</key>
			<string>PBXFileReference</string>
			<key>path</key>
			<string>libBalanceWheel-iOS.a</string>
			<key>sourceTree</key>
			<string>BUILT_PRODUCTS_DIR</string>
		</dict>
		<key>894320C7199219990008FCD3</key>
		<dict>
			<key>isa</key>
			<string>PBXFileReference</string>
			<key>lastKnownFileType</key>
			<string>wrapper.framework</string>
			<key>name</key>
			<string>Foundation.framework</string>
			<key>path</key>
			<string>System/Library/Frameworks/Foundation.framework</string>
			<key>sourceTree</key>
			<string>SDKROOT</string>
		</dict>
		<key>894320C8199219990008FCD3</key>
		<dict>
			<key>fileRef</key>
			<string>894320C7199219990008FCD3</string>
			<key>isa</key>
			<string>PBXBuildFile</string>
		</dict>
		<key>894320C9199219990008FCD3</key>
		<dict>
			<key>children</key>
			<array>
				<string>894320CC199219990008FCD3</string>
				<string>894320CE199219990008FCD3</string>
				<string>894320CA199219990008FCD3</string>
			</array>
			<key>isa</key>
			<string>PBXGroup</string>
			<key>path</key>
			<string>BalanceWheel-iOS</string>
			<key>sourceTree</key>
			<string>&lt;group&gt;</string>
		</dict>
		<key>894320CA199219990008FCD3</key>
		<dict>
			<key>children</key>
			<array>
				<string>894320CB199219990008FCD3</string>
			</array>
			<key>isa</key>
			<string>PBXGroup</string>
			<key>name</key>
			<string>Supporting Files</string>
			<key>sourceTree</key>
			<string>&lt;group&gt;</string>
		</dict>
		<key>894320CB199219990008FCD3</key>
		<dict>
			<key>isa</key>
			<string>PBXFileReference</string>
			<key>lastKnownFileType</key>
			<string>sourcecode.c.h</string>
			<key>path</key>
			<string>BalanceWheel-iOS-Prefix.pch</string>
			<key>sourceTree</key>
			<string>&lt;group&gt;</string>
		</dict>
		<key>894320CC199219990008FCD3</key>
		<dict>
			<key>isa</key>
			<string>PBXFileReference</string>
			<key>lastKnownFileType</key>
			<string>sourcecode.c.h</string>
			<key>path</key>
			<string>BalanceWheel_iOS.h</string>
			<key>sourceTree</key>
			<string>&lt;group&gt;</string>
		</dict>
		<key>894320CD199219990008FCD3</key>
		<dict>
			<key>fileRef</key>
			<string>894320CC199219990008FCD3</string>
			<key>isa</key>
			<string>PBXBuildFile</string>
		</dict>
		<key>894320CE199219990008FCD3</key>
		<dict>
			<key>isa</key>
			<string>PBXFileReference</string>
			<key>lastKnownFileType</key>
			<string>sourcecode.c.objc</string>
			<key>path</key>
			<string>BalanceWheel_iOS.m</string>
			<key>sourceTree</key>
			<string>&lt;group&gt;</string>
		</dict>
		<key>894320CF199219990008FCD3</key>
		<dict>
			<key>fileRef</key>
			<string>894320CE199219990008FCD3</string>
			<key>isa</key>
			<string>PBXBuildFile</string>
		</dict>
		<key>894320D0199219990008FCD3</key>
		<dict>
			<key>buildActionMask</key>
			<string>2147483647</string>
			<key>files</key>
			<array>
				<string>894320E3199219990008FCD3</string>
				<string>894320F1199219F00008FCD3</string>
			</array>
			<key>isa</key>
			<string>PBXSourcesBuildPhase</string>
			<key>runOnlyForDeploymentPostprocessing</key>
			<string>0</string>
		</dict>
		<key>894320D1199219990008FCD3</key>
		<dict>
			<key>buildActionMask</key>
			<string>2147483647</string>
			<key>files</key>
			<array>
				<string>894320D5199219990008FCD3</string>
				<string>894320D8199219990008FCD3</string>
				<string>894320DB199219990008FCD3</string>
				<string>894320D6199219990008FCD3</string>
			</array>
			<key>isa</key>
			<string>PBXFrameworksBuildPhase</string>
			<key>runOnlyForDeploymentPostprocessing</key>
			<string>0</string>
		</dict>
		<key>894320D2199219990008FCD3</key>
		<dict>
			<key>buildActionMask</key>
			<string>2147483647</string>
			<key>files</key>
			<array>
				<string>894320E1199219990008FCD3</string>
			</array>
			<key>isa</key>
			<string>PBXResourcesBuildPhase</string>
			<key>runOnlyForDeploymentPostprocessing</key>
			<string>0</string>
		</dict>
		<key>894320D3199219990008FCD3</key>
		<dict>
			<key>buildConfigurationList</key>
			<string>894320E7199219990008FCD3</string>
			<key>buildPhases</key>
			<array>
				<string>894320D0199219990008FCD3</string>
				<string>894320D1199219990008FCD3</string>
				<string>894320D2199219990008FCD3</string>
			</array>
			<key>buildRules</key>
			<array/>
			<key>dependencies</key>
			<array>
				<string>894320DA199219990008FCD3</string>
			</array>
			<key>isa</key>
			<string>PBXNativeTarget</string>
			<key>name</key>
			<string>BalanceWheel-iOSTests</string>
			<key>productName</key>
			<string>BalanceWheel-iOSTests</string>
			<key>productReference</key>
			<string>894320D4199219990008FCD3</string>
			<key>productType</key>
			<string>com.apple.product-type.bundle.unit-test</string>
		</dict>
		<key>894320D4199219990008FCD3</key>
		<dict>
			<key>explicitFileType</key>
			<string>wrapper.cfbundle</string>
			<key>includeInIndex</key>
			<string>0</string>
			<key>isa</key>
			<string>PBXFileReference</string>
			<key>path</key>
			<string>BalanceWheel-iOSTests.xctest</string>
			<key>sourceTree</key>
			<string>BUILT_PRODUCTS_DIR</string>
		</dict>
		<key>894320D5199219990008FCD3</key>
		<dict>
			<key>fileRef</key>
			<string>89432088199218EC0008FCD3</string>
			<key>isa</key>
			<string>PBXBuildFile</string>
		</dict>
		<key>894320D6199219990008FCD3</key>
		<dict>
			<key>fileRef</key>
			<string>894320C7199219990008FCD3</string>
			<key>isa</key>
			<string>PBXBuildFile</string>
		</dict>
		<key>894320D7199219990008FCD3</key>
		<dict>
			<key>isa</key>
			<string>PBXFileReference</string>
			<key>lastKnownFileType</key>
			<string>wrapper.framework</string>
			<key>name</key>
			<string>UIKit.framework</string>
			<key>path</key>
			<string>Library/Frameworks/UIKit.framework</string>
			<key>sourceTree</key>
			<string>DEVELOPER_DIR</string>
		</dict>
		<key>894320D8199219990008FCD3</key>
		<dict>
			<key>fileRef</key>
			<string>894320D7199219990008FCD3</string>
			<key>isa</key>
			<string>PBXBuildFile</string>
		</dict>
		<key>894320D9199219990008FCD3</key>
		<dict>
			<key>containerPortal</key>
			<string>8943206C199218EC0008FCD3</string>
			<key>isa</key>
			<string>PBXContainerItemProxy</string>
			<key>proxyType</key>
			<string>1</string>
			<key>remoteGlobalIDString</key>
			<string>894320C5199219990008FCD3</string>
			<key>remoteInfo</key>
			<string>BalanceWheel-iOS</string>
		</dict>
		<key>894320DA199219990008FCD3</key>
		<dict>
			<key>isa</key>
			<string>PBXTargetDependency</string>
			<key>target</key>
			<string>894320C5199219990008FCD3</string>
			<key>targetProxy</key>
			<string>894320D9199219990008FCD3</string>
		</dict>
		<key>894320DB199219990008FCD3</key>
		<dict>
			<key>fileRef</key>
			<string>894320C6199219990008FCD3</string>
			<key>isa</key>
			<string>PBXBuildFile</string>
		</dict>
		<key>894320DC199219990008FCD3</key>
		<dict>
			<key>children</key>
			<array>
				<string>894320E2199219990008FCD3</string>
				<string>894320DD199219990008FCD3</string>
			</array>
			<key>isa</key>
			<string>PBXGroup</string>
			<key>path</key>
			<string>BalanceWheel-iOSTests</string>
			<key>sourceTree</key>
			<string>&lt;group&gt;</string>
		</dict>
		<key>894320DD199219990008FCD3</key>
		<dict>
			<key>children</key>
			<array>
				<string>894320DE199219990008FCD3</string>
				<string>894320DF199219990008FCD3</string>
			</array>
			<key>isa</key>
			<string>PBXGroup</string>
			<key>name</key>
			<string>Supporting Files</string>
			<key>sourceTree</key>
			<string>&lt;group&gt;</string>
		</dict>
		<key>894320DE199219990008FCD3</key>
		<dict>
			<key>isa</key>
			<string>PBXFileReference</string>
			<key>lastKnownFileType</key>
			<string>text.plist.xml</string>
			<key>path</key>
			<string>BalanceWheel-iOSTests-Info.plist</string>
			<key>sourceTree</key>
			<string>&lt;group&gt;</string>
		</dict>
		<key>894320DF199219990008FCD3</key>
		<dict>
			<key>children</key>
			<array>
				<string>894320E0199219990008FCD3</string>
			</array>
			<key>isa</key>
			<string>PBXVariantGroup</string>
			<key>name</key>
			<string>InfoPlist.strings</string>
			<key>sourceTree</key>
			<string>&lt;group&gt;</string>
		</dict>
		<key>894320E0199219990008FCD3</key>
		<dict>
			<key>isa</key>
			<string>PBXFileReference</string>
			<key>lastKnownFileType</key>
			<string>text.plist.strings</string>
			<key>name</key>
			<string>en</string>
			<key>path</key>
			<string>en.lproj/InfoPlist.strings</string>
			<key>sourceTree</key>
			<string>&lt;group&gt;</string>
		</dict>
		<key>894320E1199219990008FCD3</key>
		<dict>
			<key>fileRef</key>
			<string>894320DF199219990008FCD3</string>
			<key>isa</key>
			<string>PBXBuildFile</string>
		</dict>
		<key>894320E2199219990008FCD3</key>
		<dict>
			<key>isa</key>
			<string>PBXFileReference</string>
			<key>lastKnownFileType</key>
			<string>sourcecode.c.objc</string>
			<key>path</key>
			<string>BalanceWheel_iOSTests.m</string>
			<key>sourceTree</key>
			<string>&lt;group&gt;</string>
		</dict>
		<key>894320E3199219990008FCD3</key>
		<dict>
			<key>fileRef</key>
			<string>894320E2199219990008FCD3</string>
			<key>isa</key>
			<string>PBXBuildFile</string>
		</dict>
		<key>894320E4199219990008FCD3</key>
		<dict>
			<key>buildConfigurations</key>
			<array>
				<string>894320E5199219990008FCD3</string>
				<string>894320E6199219990008FCD3</string>
			</array>
			<key>defaultConfigurationIsVisible</key>
			<string>0</string>
			<key>isa</key>
			<string>XCConfigurationList</string>
		</dict>
		<key>894320E5199219990008FCD3</key>
		<dict>
			<key>baseConfigurationReference</key>
			<string>55AEAC00F54A411989BD828E</string>
			<key>buildSettings</key>
			<dict>
				<key>DSTROOT</key>
				<string>/tmp/BalanceWheel_iOS.dst</string>
				<key>GCC_PRECOMPILE_PREFIX_HEADER</key>
				<string>YES</string>
				<key>GCC_PREFIX_HEADER</key>
				<string>BalanceWheel-iOS/BalanceWheel-iOS-Prefix.pch</string>
				<key>GCC_PREPROCESSOR_DEFINITIONS</key>
				<array>
					<string>DEBUG=1</string>
					<string>$(inherited)</string>
				</array>
				<key>IPHONEOS_DEPLOYMENT_TARGET</key>
				<string>7.1</string>
				<key>OTHER_LDFLAGS</key>
				<string>-ObjC</string>
				<key>PRODUCT_NAME</key>
				<string>$(TARGET_NAME)</string>
				<key>SDKROOT</key>
				<string>iphoneos</string>
				<key>SKIP_INSTALL</key>
				<string>YES</string>
			</dict>
			<key>isa</key>
			<string>XCBuildConfiguration</string>
			<key>name</key>
			<string>Debug</string>
		</dict>
		<key>894320E6199219990008FCD3</key>
		<dict>
			<key>baseConfigurationReference</key>
			<string>55AEAC00F54A411989BD828E</string>
			<key>buildSettings</key>
			<dict>
				<key>DSTROOT</key>
				<string>/tmp/BalanceWheel_iOS.dst</string>
				<key>GCC_PRECOMPILE_PREFIX_HEADER</key>
				<string>YES</string>
				<key>GCC_PREFIX_HEADER</key>
				<string>BalanceWheel-iOS/BalanceWheel-iOS-Prefix.pch</string>
				<key>IPHONEOS_DEPLOYMENT_TARGET</key>
				<string>7.1</string>
				<key>OTHER_LDFLAGS</key>
				<string>-ObjC</string>
				<key>PRODUCT_NAME</key>
				<string>$(TARGET_NAME)</string>
				<key>SDKROOT</key>
				<string>iphoneos</string>
				<key>SKIP_INSTALL</key>
				<string>YES</string>
				<key>VALIDATE_PRODUCT</key>
				<string>YES</string>
			</dict>
			<key>isa</key>
			<string>XCBuildConfiguration</string>
			<key>name</key>
			<string>Release</string>
		</dict>
		<key>894320E7199219990008FCD3</key>
		<dict>
			<key>buildConfigurations</key>
			<array>
				<string>894320E8199219990008FCD3</string>
				<string>894320E9199219990008FCD3</string>
			</array>
			<key>defaultConfigurationIsVisible</key>
			<string>0</string>
			<key>isa</key>
			<string>XCConfigurationList</string>
		</dict>
		<key>894320E8199219990008FCD3</key>
		<dict>
			<key>buildSettings</key>
			<dict>
				<key>FRAMEWORK_SEARCH_PATHS</key>
				<array>
					<string>$(SDKROOT)/Developer/Library/Frameworks</string>
					<string>$(inherited)</string>
					<string>$(DEVELOPER_FRAMEWORKS_DIR)</string>
				</array>
				<key>GCC_PRECOMPILE_PREFIX_HEADER</key>
				<string>YES</string>
				<key>GCC_PREFIX_HEADER</key>
				<string>BalanceWheel-iOS/BalanceWheel-iOS-Prefix.pch</string>
				<key>GCC_PREPROCESSOR_DEFINITIONS</key>
				<array>
					<string>DEBUG=1</string>
					<string>$(inherited)</string>
				</array>
				<key>INFOPLIST_FILE</key>
				<string>BalanceWheel-iOSTests/BalanceWheel-iOSTests-Info.plist</string>
				<key>IPHONEOS_DEPLOYMENT_TARGET</key>
				<string>7.1</string>
				<key>PRODUCT_NAME</key>
				<string>$(TARGET_NAME)</string>
				<key>SDKROOT</key>
				<string>iphoneos</string>
				<key>WRAPPER_EXTENSION</key>
				<string>xctest</string>
			</dict>
			<key>isa</key>
			<string>XCBuildConfiguration</string>
			<key>name</key>
			<string>Debug</string>
		</dict>
		<key>894320E9199219990008FCD3</key>
		<dict>
			<key>buildSettings</key>
			<dict>
				<key>FRAMEWORK_SEARCH_PATHS</key>
				<array>
					<string>$(SDKROOT)/Developer/Library/Frameworks</string>
					<string>$(inherited)</string>
					<string>$(DEVELOPER_FRAMEWORKS_DIR)</string>
				</array>
				<key>GCC_PRECOMPILE_PREFIX_HEADER</key>
				<string>YES</string>
				<key>GCC_PREFIX_HEADER</key>
				<string>BalanceWheel-iOS/BalanceWheel-iOS-Prefix.pch</string>
				<key>INFOPLIST_FILE</key>
				<string>BalanceWheel-iOSTests/BalanceWheel-iOSTests-Info.plist</string>
				<key>IPHONEOS_DEPLOYMENT_TARGET</key>
				<string>7.1</string>
				<key>PRODUCT_NAME</key>
				<string>$(TARGET_NAME)</string>
				<key>SDKROOT</key>
				<string>iphoneos</string>
				<key>VALIDATE_PRODUCT</key>
				<string>YES</string>
				<key>WRAPPER_EXTENSION</key>
				<string>xctest</string>
			</dict>
			<key>isa</key>
			<string>XCBuildConfiguration</string>
			<key>name</key>
			<string>Release</string>
		</dict>
		<key>894320EA199219D70008FCD3</key>
		<dict>
			<key>children</key>
			<array>
				<string>894320EB199219F00008FCD3</string>
				<string>894320EC199219F00008FCD3</string>
			</array>
			<key>isa</key>
			<string>PBXGroup</string>
			<key>path</key>
			<string>Public</string>
			<key>sourceTree</key>
			<string>&lt;group&gt;</string>
		</dict>
		<key>894320EB199219F00008FCD3</key>
		<dict>
			<key>fileEncoding</key>
			<string>4</string>
			<key>isa</key>
			<string>PBXFileReference</string>
			<key>lastKnownFileType</key>
			<string>sourcecode.c.h</string>
			<key>path</key>
			<string>DCJSONUserDefault.h</string>
			<key>sourceTree</key>
			<string>&lt;group&gt;</string>
		</dict>
		<key>894320EC199219F00008FCD3</key>
		<dict>
			<key>fileEncoding</key>
			<string>4</string>
			<key>isa</key>
			<string>PBXFileReference</string>
			<key>lastKnownFileType</key>
			<string>sourcecode.c.objc</string>
			<key>path</key>
			<string>DCJSONUserDefault.m</string>
			<key>sourceTree</key>
			<string>&lt;group&gt;</string>
		</dict>
		<key>894320ED199219F00008FCD3</key>
		<dict>
			<key>fileRef</key>
			<string>894320EB199219F00008FCD3</string>
			<key>isa</key>
			<string>PBXBuildFile</string>
		</dict>
		<key>894320EE199219F00008FCD3</key>
		<dict>
			<key>fileRef</key>
			<string>894320EC199219F00008FCD3</string>
			<key>isa</key>
			<string>PBXBuildFile</string>
		</dict>
		<key>894320EF199219F00008FCD3</key>
		<dict>
			<key>fileRef</key>
			<string>894320EC199219F00008FCD3</string>
			<key>isa</key>
			<string>PBXBuildFile</string>
		</dict>
		<key>894320F0199219F00008FCD3</key>
		<dict>
			<key>fileRef</key>
			<string>894320EC199219F00008FCD3</string>
			<key>isa</key>
			<string>PBXBuildFile</string>
		</dict>
		<key>894320F1199219F00008FCD3</key>
		<dict>
			<key>fileRef</key>
			<string>894320EC199219F00008FCD3</string>
			<key>isa</key>
			<string>PBXBuildFile</string>
		</dict>
		<key>89737AB5EBD84FEFB43E3A58</key>
		<dict>
			<key>buildActionMask</key>
			<string>2147483647</string>
			<key>files</key>
			<array/>
			<key>inputPaths</key>
			<array/>
			<key>isa</key>
			<string>PBXShellScriptBuildPhase</string>
			<key>name</key>
			<string>Copy Pods Resources</string>
			<key>outputPaths</key>
			<array/>
			<key>runOnlyForDeploymentPostprocessing</key>
			<string>0</string>
			<key>shellPath</key>
			<string>/bin/sh</string>
			<key>shellScript</key>
			<string>"${SRCROOT}/Pods/Pods-BalanceWheel-OSX-resources.sh"
</string>
			<key>showEnvVarsInLog</key>
			<string>0</string>
		</dict>
		<key>AB31B80116BB4924B70C0D34</key>
		<dict>
			<key>fileRef</key>
			<string>1DF6681BD3834B50982446AA</string>
			<key>isa</key>
			<string>PBXBuildFile</string>
		</dict>
		<key>B746A31E1CC14788B51EDC17</key>
		<dict>
			<key>includeInIndex</key>
			<string>1</string>
			<key>isa</key>
			<string>PBXFileReference</string>
			<key>lastKnownFileType</key>
			<string>text.xcconfig</string>
			<key>name</key>
			<string>Pods-BalanceWheel-OSX.xcconfig</string>
			<key>path</key>
			<string>Pods/Pods-BalanceWheel-OSX.xcconfig</string>
			<key>sourceTree</key>
			<string>&lt;group&gt;</string>
		</dict>
		<key>CB048BF815E44619919E9A1E</key>
		<dict>
			<key>fileRef</key>
			<string>F9BBFA088B204071BAE0F6A5</string>
			<key>isa</key>
			<string>PBXBuildFile</string>
		</dict>
		<key>DA0DA9AAEF984DFD8ECF6207</key>
		<dict>
			<key>buildActionMask</key>
			<string>2147483647</string>
			<key>files</key>
			<array/>
			<key>inputPaths</key>
			<array/>
			<key>isa</key>
			<string>PBXShellScriptBuildPhase</string>
			<key>name</key>
			<string>Copy Pods Resources</string>
			<key>outputPaths</key>
			<array/>
			<key>runOnlyForDeploymentPostprocessing</key>
			<string>0</string>
			<key>shellPath</key>
			<string>/bin/sh</string>
			<key>shellScript</key>
			<string>"${SRCROOT}/Pods/Pods-BalanceWheel-iOS-resources.sh"
</string>
			<key>showEnvVarsInLog</key>
			<string>0</string>
		</dict>
		<key>F9BBFA088B204071BAE0F6A5</key>
		<dict>
			<key>explicitFileType</key>
			<string>archive.ar</string>
			<key>includeInIndex</key>
			<string>0</string>
			<key>isa</key>
			<string>PBXFileReference</string>
			<key>path</key>
			<string>libPods-BalanceWheel-iOS.a</string>
			<key>sourceTree</key>
			<string>BUILT_PRODUCTS_DIR</string>
		</dict>
	</dict>
	<key>rootObject</key>
	<string>8943206C199218EC0008FCD3</string>
</dict>
</plist>
