// !$*UTF8*$!
{
	archiveVersion = 1;
	classes = {
	};
	objectVersion = 46;
	objects = {

/* Begin PBXBuildFile section */
		894320A31992198E0008FCD3 /* Cocoa.framework in Frameworks */ = {isa = PBXBuildFile; fileRef = 89432077199218EC0008FCD3 /* Cocoa.framework */; };
		894320AF1992198E0008FCD3 /* XCTest.framework in Frameworks */ = {isa = PBXBuildFile; fileRef = 89432088199218EC0008FCD3 /* XCTest.framework */; };
		894320B01992198E0008FCD3 /* Cocoa.framework in Frameworks */ = {isa = PBXBuildFile; fileRef = 89432077199218EC0008FCD3 /* Cocoa.framework */; };
		894320B31992198E0008FCD3 /* libBalanceWheel-OSX.a in Frameworks */ = {isa = PBXBuildFile; fileRef = 894320A21992198E0008FCD3 /* libBalanceWheel-OSX.a */; };
		894320B91992198E0008FCD3 /* InfoPlist.strings in Resources */ = {isa = PBXBuildFile; fileRef = 894320B71992198E0008FCD3 /* InfoPlist.strings */; };
		894320BB1992198E0008FCD3 /* BalanceWheel_OSXTests.m in Sources */ = {isa = PBXBuildFile; fileRef = 894320BA1992198E0008FCD3 /* BalanceWheel_OSXTests.m */; };
		894320C8199219990008FCD3 /* Foundation.framework in Frameworks */ = {isa = PBXBuildFile; fileRef = 894320C7199219990008FCD3 /* Foundation.framework */; };
		894320D5199219990008FCD3 /* XCTest.framework in Frameworks */ = {isa = PBXBuildFile; fileRef = 89432088199218EC0008FCD3 /* XCTest.framework */; };
		894320D6199219990008FCD3 /* Foundation.framework in Frameworks */ = {isa = PBXBuildFile; fileRef = 894320C7199219990008FCD3 /* Foundation.framework */; };
		894320D8199219990008FCD3 /* UIKit.framework in Frameworks */ = {isa = PBXBuildFile; fileRef = 894320D7199219990008FCD3 /* UIKit.framework */; };
		894320DB199219990008FCD3 /* libBalanceWheel-iOS.a in Frameworks */ = {isa = PBXBuildFile; fileRef = 894320C6199219990008FCD3 /* libBalanceWheel-iOS.a */; };
		894320E1199219990008FCD3 /* InfoPlist.strings in Resources */ = {isa = PBXBuildFile; fileRef = 894320DF199219990008FCD3 /* InfoPlist.strings */; };
		894320E3199219990008FCD3 /* BalanceWheel_iOSTests.m in Sources */ = {isa = PBXBuildFile; fileRef = 894320E2199219990008FCD3 /* BalanceWheel_iOSTests.m */; };
		894320ED199219F00008FCD3 /* DCJSONUserDefault.h in Headers */ = {isa = PBXBuildFile; fileRef = 894320EB199219F00008FCD3 /* DCJSONUserDefault.h */; settings = {ATTRIBUTES = (Public, ); }; };
		894320EE199219F00008FCD3 /* DCJSONUserDefault.m in Sources */ = {isa = PBXBuildFile; fileRef = 894320EC199219F00008FCD3 /* DCJSONUserDefault.m */; };
		894320EF199219F00008FCD3 /* DCJSONUserDefault.m in Sources */ = {isa = PBXBuildFile; fileRef = 894320EC199219F00008FCD3 /* DCJSONUserDefault.m */; };
		894320F0199219F00008FCD3 /* DCJSONUserDefault.m in Sources */ = {isa = PBXBuildFile; fileRef = 894320EC199219F00008FCD3 /* DCJSONUserDefault.m */; };
		894320F1199219F00008FCD3 /* DCJSONUserDefault.m in Sources */ = {isa = PBXBuildFile; fileRef = 894320EC199219F00008FCD3 /* DCJSONUserDefault.m */; };
		899CB0CD1A1AD10900D7DCD7 /* DCJSONFile.h in Headers */ = {isa = PBXBuildFile; fileRef = 899CB0CB1A1AD10900D7DCD7 /* DCJSONFile.h */; settings = {ATTRIBUTES = (Public, ); }; };
		899CB0CE1A1AD10900D7DCD7 /* DCJSONFile.m in Sources */ = {isa = PBXBuildFile; fileRef = 899CB0CC1A1AD10900D7DCD7 /* DCJSONFile.m */; };
		899CB0CF1A1AD10900D7DCD7 /* DCJSONFile.m in Sources */ = {isa = PBXBuildFile; fileRef = 899CB0CC1A1AD10900D7DCD7 /* DCJSONFile.m */; };
		899CB0D01A1AD10900D7DCD7 /* DCJSONFile.m in Sources */ = {isa = PBXBuildFile; fileRef = 899CB0CC1A1AD10900D7DCD7 /* DCJSONFile.m */; };
		899CB0D11A1AD10900D7DCD7 /* DCJSONFile.m in Sources */ = {isa = PBXBuildFile; fileRef = 899CB0CC1A1AD10900D7DCD7 /* DCJSONFile.m */; };
		899CB0D21A1AD5BC00D7DCD7 /* DCBalanceWheel.h in CopyFiles */ = {isa = PBXBuildFile; fileRef = 89BB70F7199316DE0064B9C4 /* DCBalanceWheel.h */; };
		899CB0D31A1AD5BC00D7DCD7 /* DCJSONUserDefault.h in CopyFiles */ = {isa = PBXBuildFile; fileRef = 894320EB199219F00008FCD3 /* DCJSONUserDefault.h */; };
		899CB0D41A1AD5BC00D7DCD7 /* DCJSONFile.h in CopyFiles */ = {isa = PBXBuildFile; fileRef = 899CB0CB1A1AD10900D7DCD7 /* DCJSONFile.h */; };
		89BB70F8199316DE0064B9C4 /* DCBalanceWheel.h in Headers */ = {isa = PBXBuildFile; fileRef = 89BB70F7199316DE0064B9C4 /* DCBalanceWheel.h */; settings = {ATTRIBUTES = (Public, ); }; };
		AB31B80116BB4924B70C0D34 /* libPods-BalanceWheel-OSX.a in Frameworks */ = {isa = PBXBuildFile; fileRef = 1DF6681BD3834B50982446AA /* libPods-BalanceWheel-OSX.a */; };
		CB048BF815E44619919E9A1E /* libPods-BalanceWheel-iOS.a in Frameworks */ = {isa = PBXBuildFile; fileRef = F9BBFA088B204071BAE0F6A5 /* libPods-BalanceWheel-iOS.a */; };
/* End PBXBuildFile section */

/* Begin PBXContainerItemProxy section */
		894320B11992198E0008FCD3 /* PBXContainerItemProxy */ = {
			isa = PBXContainerItemProxy;
			containerPortal = 8943206C199218EC0008FCD3 /* Project object */;
			proxyType = 1;
			remoteGlobalIDString = 894320A11992198E0008FCD3;
			remoteInfo = "BalanceWheel-OSX";
		};
		894320D9199219990008FCD3 /* PBXContainerItemProxy */ = {
			isa = PBXContainerItemProxy;
			containerPortal = 8943206C199218EC0008FCD3 /* Project object */;
			proxyType = 1;
			remoteGlobalIDString = 894320C5199219990008FCD3;
			remoteInfo = "BalanceWheel-iOS";
		};
/* End PBXContainerItemProxy section */

/* Begin PBXCopyFilesBuildPhase section */
		894320C4199219990008FCD3 /* CopyFiles */ = {
			isa = PBXCopyFilesBuildPhase;
			buildActionMask = 2147483647;
			dstPath = "include/$(PRODUCT_NAME)";
			dstSubfolderSpec = 16;
			files = (
				899CB0D21A1AD5BC00D7DCD7 /* DCBalanceWheel.h in CopyFiles */,
				899CB0D31A1AD5BC00D7DCD7 /* DCJSONUserDefault.h in CopyFiles */,
				899CB0D41A1AD5BC00D7DCD7 /* DCJSONFile.h in CopyFiles */,
			);
			runOnlyForDeploymentPostprocessing = 0;
		};
/* End PBXCopyFilesBuildPhase section */

/* Begin PBXFileReference section */
		1DF6681BD3834B50982446AA /* libPods-BalanceWheel-OSX.a */ = {isa = PBXFileReference; explicitFileType = archive.ar; includeInIndex = 0; path = "libPods-BalanceWheel-OSX.a"; sourceTree = BUILT_PRODUCTS_DIR; };
		55AEAC00F54A411989BD828E /* Pods-BalanceWheel-iOS.xcconfig */ = {isa = PBXFileReference; includeInIndex = 1; lastKnownFileType = text.xcconfig; name = "Pods-BalanceWheel-iOS.xcconfig"; path = "Pods/Pods-BalanceWheel-iOS.xcconfig"; sourceTree = "<group>"; };
		89432077199218EC0008FCD3 /* Cocoa.framework */ = {isa = PBXFileReference; lastKnownFileType = wrapper.framework; name = Cocoa.framework; path = System/Library/Frameworks/Cocoa.framework; sourceTree = SDKROOT; };
		8943207A199218EC0008FCD3 /* Foundation.framework */ = {isa = PBXFileReference; lastKnownFileType = wrapper.framework; name = Foundation.framework; path = System/Library/Frameworks/Foundation.framework; sourceTree = SDKROOT; };
		8943207B199218EC0008FCD3 /* CoreData.framework */ = {isa = PBXFileReference; lastKnownFileType = wrapper.framework; name = CoreData.framework; path = System/Library/Frameworks/CoreData.framework; sourceTree = SDKROOT; };
		8943207C199218EC0008FCD3 /* AppKit.framework */ = {isa = PBXFileReference; lastKnownFileType = wrapper.framework; name = AppKit.framework; path = System/Library/Frameworks/AppKit.framework; sourceTree = SDKROOT; };
		89432088199218EC0008FCD3 /* XCTest.framework */ = {isa = PBXFileReference; lastKnownFileType = wrapper.framework; name = XCTest.framework; path = Library/Frameworks/XCTest.framework; sourceTree = DEVELOPER_DIR; };
		894320A21992198E0008FCD3 /* libBalanceWheel-OSX.a */ = {isa = PBXFileReference; explicitFileType = archive.ar; includeInIndex = 0; path = "libBalanceWheel-OSX.a"; sourceTree = BUILT_PRODUCTS_DIR; };
		894320A61992198E0008FCD3 /* BalanceWheel-OSX-Prefix.pch */ = {isa = PBXFileReference; lastKnownFileType = sourcecode.c.h; path = "BalanceWheel-OSX-Prefix.pch"; sourceTree = "<group>"; };
		894320AE1992198E0008FCD3 /* BalanceWheel-OSXTests.xctest */ = {isa = PBXFileReference; explicitFileType = wrapper.cfbundle; includeInIndex = 0; path = "BalanceWheel-OSXTests.xctest"; sourceTree = BUILT_PRODUCTS_DIR; };
		894320B61992198E0008FCD3 /* BalanceWheel-OSXTests-Info.plist */ = {isa = PBXFileReference; lastKnownFileType = text.plist.xml; path = "BalanceWheel-OSXTests-Info.plist"; sourceTree = "<group>"; };
		894320B81992198E0008FCD3 /* en */ = {isa = PBXFileReference; lastKnownFileType = text.plist.strings; name = en; path = en.lproj/InfoPlist.strings; sourceTree = "<group>"; };
		894320BA1992198E0008FCD3 /* BalanceWheel_OSXTests.m */ = {isa = PBXFileReference; lastKnownFileType = sourcecode.c.objc; path = BalanceWheel_OSXTests.m; sourceTree = "<group>"; };
		894320C6199219990008FCD3 /* libBalanceWheel-iOS.a */ = {isa = PBXFileReference; explicitFileType = archive.ar; includeInIndex = 0; path = "libBalanceWheel-iOS.a"; sourceTree = BUILT_PRODUCTS_DIR; };
		894320C7199219990008FCD3 /* Foundation.framework */ = {isa = PBXFileReference; lastKnownFileType = wrapper.framework; name = Foundation.framework; path = System/Library/Frameworks/Foundation.framework; sourceTree = SDKROOT; };
		894320CB199219990008FCD3 /* BalanceWheel-iOS-Prefix.pch */ = {isa = PBXFileReference; lastKnownFileType = sourcecode.c.h; path = "BalanceWheel-iOS-Prefix.pch"; sourceTree = "<group>"; };
		894320D4199219990008FCD3 /* BalanceWheel-iOSTests.xctest */ = {isa = PBXFileReference; explicitFileType = wrapper.cfbundle; includeInIndex = 0; path = "BalanceWheel-iOSTests.xctest"; sourceTree = BUILT_PRODUCTS_DIR; };
		894320D7199219990008FCD3 /* UIKit.framework */ = {isa = PBXFileReference; lastKnownFileType = wrapper.framework; name = UIKit.framework; path = Library/Frameworks/UIKit.framework; sourceTree = DEVELOPER_DIR; };
		894320DE199219990008FCD3 /* BalanceWheel-iOSTests-Info.plist */ = {isa = PBXFileReference; lastKnownFileType = text.plist.xml; path = "BalanceWheel-iOSTests-Info.plist"; sourceTree = "<group>"; };
		894320E0199219990008FCD3 /* en */ = {isa = PBXFileReference; lastKnownFileType = text.plist.strings; name = en; path = en.lproj/InfoPlist.strings; sourceTree = "<group>"; };
		894320E2199219990008FCD3 /* BalanceWheel_iOSTests.m */ = {isa = PBXFileReference; lastKnownFileType = sourcecode.c.objc; path = BalanceWheel_iOSTests.m; sourceTree = "<group>"; };
		894320EB199219F00008FCD3 /* DCJSONUserDefault.h */ = {isa = PBXFileReference; fileEncoding = 4; lastKnownFileType = sourcecode.c.h; path = DCJSONUserDefault.h; sourceTree = "<group>"; };
		894320EC199219F00008FCD3 /* DCJSONUserDefault.m */ = {isa = PBXFileReference; fileEncoding = 4; lastKnownFileType = sourcecode.c.objc; path = DCJSONUserDefault.m; sourceTree = "<group>"; };
		899CB0CB1A1AD10900D7DCD7 /* DCJSONFile.h */ = {isa = PBXFileReference; fileEncoding = 4; lastKnownFileType = sourcecode.c.h; path = DCJSONFile.h; sourceTree = "<group>"; };
		899CB0CC1A1AD10900D7DCD7 /* DCJSONFile.m */ = {isa = PBXFileReference; fileEncoding = 4; lastKnownFileType = sourcecode.c.objc; path = DCJSONFile.m; sourceTree = "<group>"; };
		89BB70F7199316DE0064B9C4 /* DCBalanceWheel.h */ = {isa = PBXFileReference; fileEncoding = 4; lastKnownFileType = sourcecode.c.h; path = DCBalanceWheel.h; sourceTree = "<group>"; };
		B746A31E1CC14788B51EDC17 /* Pods-BalanceWheel-OSX.xcconfig */ = {isa = PBXFileReference; includeInIndex = 1; lastKnownFileType = text.xcconfig; name = "Pods-BalanceWheel-OSX.xcconfig"; path = "Pods/Pods-BalanceWheel-OSX.xcconfig"; sourceTree = "<group>"; };
		F9BBFA088B204071BAE0F6A5 /* libPods-BalanceWheel-iOS.a */ = {isa = PBXFileReference; explicitFileType = archive.ar; includeInIndex = 0; path = "libPods-BalanceWheel-iOS.a"; sourceTree = BUILT_PRODUCTS_DIR; };
/* End PBXFileReference section */

/* Begin PBXFrameworksBuildPhase section */
		8943209F1992198E0008FCD3 /* Frameworks */ = {
			isa = PBXFrameworksBuildPhase;
			buildActionMask = 2147483647;
			files = (
				894320A31992198E0008FCD3 /* Cocoa.framework in Frameworks */,
				AB31B80116BB4924B70C0D34 /* libPods-BalanceWheel-OSX.a in Frameworks */,
			);
			runOnlyForDeploymentPostprocessing = 0;
		};
		894320AB1992198E0008FCD3 /* Frameworks */ = {
			isa = PBXFrameworksBuildPhase;
			buildActionMask = 2147483647;
			files = (
				894320B01992198E0008FCD3 /* Cocoa.framework in Frameworks */,
				894320AF1992198E0008FCD3 /* XCTest.framework in Frameworks */,
				894320B31992198E0008FCD3 /* libBalanceWheel-OSX.a in Frameworks */,
			);
			runOnlyForDeploymentPostprocessing = 0;
		};
		894320C3199219990008FCD3 /* Frameworks */ = {
			isa = PBXFrameworksBuildPhase;
			buildActionMask = 2147483647;
			files = (
				894320C8199219990008FCD3 /* Foundation.framework in Frameworks */,
				CB048BF815E44619919E9A1E /* libPods-BalanceWheel-iOS.a in Frameworks */,
			);
			runOnlyForDeploymentPostprocessing = 0;
		};
		894320D1199219990008FCD3 /* Frameworks */ = {
			isa = PBXFrameworksBuildPhase;
			buildActionMask = 2147483647;
			files = (
				894320D5199219990008FCD3 /* XCTest.framework in Frameworks */,
				894320D8199219990008FCD3 /* UIKit.framework in Frameworks */,
				894320DB199219990008FCD3 /* libBalanceWheel-iOS.a in Frameworks */,
				894320D6199219990008FCD3 /* Foundation.framework in Frameworks */,
			);
			runOnlyForDeploymentPostprocessing = 0;
		};
/* End PBXFrameworksBuildPhase section */

/* Begin PBXGroup section */
		8943206B199218EC0008FCD3 = {
			isa = PBXGroup;
			children = (
				8943207D199218EC0008FCD3 /* BalanceWheel */,
				894320A41992198E0008FCD3 /* BalanceWheel-OSX */,
				894320B41992198E0008FCD3 /* BalanceWheel-OSXTests */,
				894320C9199219990008FCD3 /* BalanceWheel-iOS */,
				894320DC199219990008FCD3 /* BalanceWheel-iOSTests */,
				89432076199218EC0008FCD3 /* Frameworks */,
				89432075199218EC0008FCD3 /* Products */,
				B746A31E1CC14788B51EDC17 /* Pods-BalanceWheel-OSX.xcconfig */,
				55AEAC00F54A411989BD828E /* Pods-BalanceWheel-iOS.xcconfig */,
			);
			sourceTree = "<group>";
		};
		89432075199218EC0008FCD3 /* Products */ = {
			isa = PBXGroup;
			children = (
				894320A21992198E0008FCD3 /* libBalanceWheel-OSX.a */,
				894320AE1992198E0008FCD3 /* BalanceWheel-OSXTests.xctest */,
				894320C6199219990008FCD3 /* libBalanceWheel-iOS.a */,
				894320D4199219990008FCD3 /* BalanceWheel-iOSTests.xctest */,
			);
			name = Products;
			sourceTree = "<group>";
		};
		89432076199218EC0008FCD3 /* Frameworks */ = {
			isa = PBXGroup;
			children = (
				89432077199218EC0008FCD3 /* Cocoa.framework */,
				89432088199218EC0008FCD3 /* XCTest.framework */,
				894320C7199219990008FCD3 /* Foundation.framework */,
				894320D7199219990008FCD3 /* UIKit.framework */,
				89432079199218EC0008FCD3 /* Other Frameworks */,
				1DF6681BD3834B50982446AA /* libPods-BalanceWheel-OSX.a */,
				F9BBFA088B204071BAE0F6A5 /* libPods-BalanceWheel-iOS.a */,
			);
			name = Frameworks;
			sourceTree = "<group>";
		};
		89432079199218EC0008FCD3 /* Other Frameworks */ = {
			isa = PBXGroup;
			children = (
				8943207A199218EC0008FCD3 /* Foundation.framework */,
				8943207B199218EC0008FCD3 /* CoreData.framework */,
				8943207C199218EC0008FCD3 /* AppKit.framework */,
			);
			name = "Other Frameworks";
			sourceTree = "<group>";
		};
		8943207D199218EC0008FCD3 /* BalanceWheel */ = {
			isa = PBXGroup;
			children = (
				89BB70F7199316DE0064B9C4 /* DCBalanceWheel.h */,
				894320EA199219D70008FCD3 /* Public */,
			);
			path = BalanceWheel;
			sourceTree = "<group>";
		};
		894320A41992198E0008FCD3 /* BalanceWheel-OSX */ = {
			isa = PBXGroup;
			children = (
				894320A51992198E0008FCD3 /* Supporting Files */,
			);
			path = "BalanceWheel-OSX";
			sourceTree = "<group>";
		};
		894320A51992198E0008FCD3 /* Supporting Files */ = {
			isa = PBXGroup;
			children = (
				894320A61992198E0008FCD3 /* BalanceWheel-OSX-Prefix.pch */,
			);
			name = "Supporting Files";
			sourceTree = "<group>";
		};
		894320B41992198E0008FCD3 /* BalanceWheel-OSXTests */ = {
			isa = PBXGroup;
			children = (
				894320BA1992198E0008FCD3 /* BalanceWheel_OSXTests.m */,
				894320B51992198E0008FCD3 /* Supporting Files */,
			);
			path = "BalanceWheel-OSXTests";
			sourceTree = "<group>";
		};
		894320B51992198E0008FCD3 /* Supporting Files */ = {
			isa = PBXGroup;
			children = (
				894320B61992198E0008FCD3 /* BalanceWheel-OSXTests-Info.plist */,
				894320B71992198E0008FCD3 /* InfoPlist.strings */,
			);
			name = "Supporting Files";
			sourceTree = "<group>";
		};
		894320C9199219990008FCD3 /* BalanceWheel-iOS */ = {
			isa = PBXGroup;
			children = (
				894320CA199219990008FCD3 /* Supporting Files */,
			);
			path = "BalanceWheel-iOS";
			sourceTree = "<group>";
		};
		894320CA199219990008FCD3 /* Supporting Files */ = {
			isa = PBXGroup;
			children = (
				894320CB199219990008FCD3 /* BalanceWheel-iOS-Prefix.pch */,
			);
			name = "Supporting Files";
			sourceTree = "<group>";
		};
		894320DC199219990008FCD3 /* BalanceWheel-iOSTests */ = {
			isa = PBXGroup;
			children = (
				894320E2199219990008FCD3 /* BalanceWheel_iOSTests.m */,
				894320DD199219990008FCD3 /* Supporting Files */,
			);
			path = "BalanceWheel-iOSTests";
			sourceTree = "<group>";
		};
		894320DD199219990008FCD3 /* Supporting Files */ = {
			isa = PBXGroup;
			children = (
				894320DE199219990008FCD3 /* BalanceWheel-iOSTests-Info.plist */,
				894320DF199219990008FCD3 /* InfoPlist.strings */,
			);
			name = "Supporting Files";
			sourceTree = "<group>";
		};
		894320EA199219D70008FCD3 /* Public */ = {
			isa = PBXGroup;
			children = (
				894320EB199219F00008FCD3 /* DCJSONUserDefault.h */,
				894320EC199219F00008FCD3 /* DCJSONUserDefault.m */,
				899CB0CB1A1AD10900D7DCD7 /* DCJSONFile.h */,
				899CB0CC1A1AD10900D7DCD7 /* DCJSONFile.m */,
			);
			path = Public;
			sourceTree = "<group>";
		};
/* End PBXGroup section */

/* Begin PBXHeadersBuildPhase section */
		894320A01992198E0008FCD3 /* Headers */ = {
			isa = PBXHeadersBuildPhase;
			buildActionMask = 2147483647;
			files = (
				899CB0CD1A1AD10900D7DCD7 /* DCJSONFile.h in Headers */,
				89BB70F8199316DE0064B9C4 /* DCBalanceWheel.h in Headers */,
				894320ED199219F00008FCD3 /* DCJSONUserDefault.h in Headers */,
			);
			runOnlyForDeploymentPostprocessing = 0;
		};
/* End PBXHeadersBuildPhase section */

/* Begin PBXNativeTarget section */
		894320A11992198E0008FCD3 /* BalanceWheel-OSX */ = {
			isa = PBXNativeTarget;
			buildConfigurationList = 894320BC1992198E0008FCD3 /* Build configuration list for PBXNativeTarget "BalanceWheel-OSX" */;
			buildPhases = (
				0E5AD530A00240BE98FA8BA2 /* Check Pods Manifest.lock */,
				8943209E1992198E0008FCD3 /* Sources */,
				8943209F1992198E0008FCD3 /* Frameworks */,
				894320A01992198E0008FCD3 /* Headers */,
				89737AB5EBD84FEFB43E3A58 /* Copy Pods Resources */,
			);
			buildRules = (
			);
			dependencies = (
			);
			name = "BalanceWheel-OSX";
			productName = "BalanceWheel-OSX";
			productReference = 894320A21992198E0008FCD3 /* libBalanceWheel-OSX.a */;
			productType = "com.apple.product-type.library.static";
		};
		894320AD1992198E0008FCD3 /* BalanceWheel-OSXTests */ = {
			isa = PBXNativeTarget;
			buildConfigurationList = 894320BF1992198E0008FCD3 /* Build configuration list for PBXNativeTarget "BalanceWheel-OSXTests" */;
			buildPhases = (
				894320AA1992198E0008FCD3 /* Sources */,
				894320AB1992198E0008FCD3 /* Frameworks */,
				894320AC1992198E0008FCD3 /* Resources */,
			);
			buildRules = (
			);
			dependencies = (
				894320B21992198E0008FCD3 /* PBXTargetDependency */,
			);
			name = "BalanceWheel-OSXTests";
			productName = "BalanceWheel-OSXTests";
			productReference = 894320AE1992198E0008FCD3 /* BalanceWheel-OSXTests.xctest */;
			productType = "com.apple.product-type.bundle.unit-test";
		};
		894320C5199219990008FCD3 /* BalanceWheel-iOS */ = {
			isa = PBXNativeTarget;
			buildConfigurationList = 894320E4199219990008FCD3 /* Build configuration list for PBXNativeTarget "BalanceWheel-iOS" */;
			buildPhases = (
				48A6F6724CBF450581255789 /* Check Pods Manifest.lock */,
				894320C2199219990008FCD3 /* Sources */,
				894320C3199219990008FCD3 /* Frameworks */,
				894320C4199219990008FCD3 /* CopyFiles */,
				DA0DA9AAEF984DFD8ECF6207 /* Copy Pods Resources */,
			);
			buildRules = (
			);
			dependencies = (
			);
			name = "BalanceWheel-iOS";
			productName = "BalanceWheel-iOS";
			productReference = 894320C6199219990008FCD3 /* libBalanceWheel-iOS.a */;
			productType = "com.apple.product-type.library.static";
		};
		894320D3199219990008FCD3 /* BalanceWheel-iOSTests */ = {
			isa = PBXNativeTarget;
			buildConfigurationList = 894320E7199219990008FCD3 /* Build configuration list for PBXNativeTarget "BalanceWheel-iOSTests" */;
			buildPhases = (
				894320D0199219990008FCD3 /* Sources */,
				894320D1199219990008FCD3 /* Frameworks */,
				894320D2199219990008FCD3 /* Resources */,
			);
			buildRules = (
			);
			dependencies = (
				894320DA199219990008FCD3 /* PBXTargetDependency */,
			);
			name = "BalanceWheel-iOSTests";
			productName = "BalanceWheel-iOSTests";
			productReference = 894320D4199219990008FCD3 /* BalanceWheel-iOSTests.xctest */;
			productType = "com.apple.product-type.bundle.unit-test";
		};
/* End PBXNativeTarget section */

/* Begin PBXProject section */
		8943206C199218EC0008FCD3 /* Project object */ = {
			isa = PBXProject;
			attributes = {
				LastUpgradeCheck = 0600;
				ORGANIZATIONNAME = "Derek Chen";
			};
			buildConfigurationList = 8943206F199218EC0008FCD3 /* Build configuration list for PBXProject "BalanceWheel" */;
			compatibilityVersion = "Xcode 3.2";
			developmentRegion = English;
			hasScannedForEncodings = 0;
			knownRegions = (
				en,
			);
			mainGroup = 8943206B199218EC0008FCD3;
			productRefGroup = 89432075199218EC0008FCD3 /* Products */;
			projectDirPath = "";
			projectRoot = "";
			targets = (
				894320A11992198E0008FCD3 /* BalanceWheel-OSX */,
				894320AD1992198E0008FCD3 /* BalanceWheel-OSXTests */,
				894320C5199219990008FCD3 /* BalanceWheel-iOS */,
				894320D3199219990008FCD3 /* BalanceWheel-iOSTests */,
			);
		};
/* End PBXProject section */

/* Begin PBXResourcesBuildPhase section */
		894320AC1992198E0008FCD3 /* Resources */ = {
			isa = PBXResourcesBuildPhase;
			buildActionMask = 2147483647;
			files = (
				894320B91992198E0008FCD3 /* InfoPlist.strings in Resources */,
			);
			runOnlyForDeploymentPostprocessing = 0;
		};
		894320D2199219990008FCD3 /* Resources */ = {
			isa = PBXResourcesBuildPhase;
			buildActionMask = 2147483647;
			files = (
				894320E1199219990008FCD3 /* InfoPlist.strings in Resources */,
			);
			runOnlyForDeploymentPostprocessing = 0;
		};
/* End PBXResourcesBuildPhase section */

/* Begin PBXShellScriptBuildPhase section */
		0E5AD530A00240BE98FA8BA2 /* Check Pods Manifest.lock */ = {
			isa = PBXShellScriptBuildPhase;
			buildActionMask = 2147483647;
			files = (
			);
			inputPaths = (
			);
			name = "Check Pods Manifest.lock";
			outputPaths = (
			);
			runOnlyForDeploymentPostprocessing = 0;
			shellPath = /bin/sh;
			shellScript = "diff \"${PODS_ROOT}/../Podfile.lock\" \"${PODS_ROOT}/Manifest.lock\" > /dev/null\nif [[ $? != 0 ]] ; then\n    cat << EOM\nerror: The sandbox is not in sync with the Podfile.lock. Run 'pod install' or update your CocoaPods installation.\nEOM\n    exit 1\nfi\n";
			showEnvVarsInLog = 0;
		};
		48A6F6724CBF450581255789 /* Check Pods Manifest.lock */ = {
			isa = PBXShellScriptBuildPhase;
			buildActionMask = 2147483647;
			files = (
			);
			inputPaths = (
			);
			name = "Check Pods Manifest.lock";
			outputPaths = (
			);
			runOnlyForDeploymentPostprocessing = 0;
			shellPath = /bin/sh;
			shellScript = "diff \"${PODS_ROOT}/../Podfile.lock\" \"${PODS_ROOT}/Manifest.lock\" > /dev/null\nif [[ $? != 0 ]] ; then\n    cat << EOM\nerror: The sandbox is not in sync with the Podfile.lock. Run 'pod install' or update your CocoaPods installation.\nEOM\n    exit 1\nfi\n";
			showEnvVarsInLog = 0;
		};
		89737AB5EBD84FEFB43E3A58 /* Copy Pods Resources */ = {
			isa = PBXShellScriptBuildPhase;
			buildActionMask = 2147483647;
			files = (
			);
			inputPaths = (
			);
			name = "Copy Pods Resources";
			outputPaths = (
			);
			runOnlyForDeploymentPostprocessing = 0;
			shellPath = /bin/sh;
			shellScript = "\"${SRCROOT}/Pods/Pods-BalanceWheel-OSX-resources.sh\"\n";
			showEnvVarsInLog = 0;
		};
		DA0DA9AAEF984DFD8ECF6207 /* Copy Pods Resources */ = {
			isa = PBXShellScriptBuildPhase;
			buildActionMask = 2147483647;
			files = (
			);
			inputPaths = (
			);
			name = "Copy Pods Resources";
			outputPaths = (
			);
			runOnlyForDeploymentPostprocessing = 0;
			shellPath = /bin/sh;
			shellScript = "\"${SRCROOT}/Pods/Pods-BalanceWheel-iOS-resources.sh\"\n";
			showEnvVarsInLog = 0;
		};
/* End PBXShellScriptBuildPhase section */

/* Begin PBXSourcesBuildPhase section */
		8943209E1992198E0008FCD3 /* Sources */ = {
			isa = PBXSourcesBuildPhase;
			buildActionMask = 2147483647;
			files = (
				899CB0CE1A1AD10900D7DCD7 /* DCJSONFile.m in Sources */,
				894320EE199219F00008FCD3 /* DCJSONUserDefault.m in Sources */,
			);
			runOnlyForDeploymentPostprocessing = 0;
		};
		894320AA1992198E0008FCD3 /* Sources */ = {
			isa = PBXSourcesBuildPhase;
			buildActionMask = 2147483647;
			files = (
				894320BB1992198E0008FCD3 /* BalanceWheel_OSXTests.m in Sources */,
				899CB0CF1A1AD10900D7DCD7 /* DCJSONFile.m in Sources */,
				894320EF199219F00008FCD3 /* DCJSONUserDefault.m in Sources */,
			);
			runOnlyForDeploymentPostprocessing = 0;
		};
		894320C2199219990008FCD3 /* Sources */ = {
			isa = PBXSourcesBuildPhase;
			buildActionMask = 2147483647;
			files = (
				899CB0D01A1AD10900D7DCD7 /* DCJSONFile.m in Sources */,
				894320F0199219F00008FCD3 /* DCJSONUserDefault.m in Sources */,
			);
			runOnlyForDeploymentPostprocessing = 0;
		};
		894320D0199219990008FCD3 /* Sources */ = {
			isa = PBXSourcesBuildPhase;
			buildActionMask = 2147483647;
			files = (
				894320E3199219990008FCD3 /* BalanceWheel_iOSTests.m in Sources */,
				899CB0D11A1AD10900D7DCD7 /* DCJSONFile.m in Sources */,
				894320F1199219F00008FCD3 /* DCJSONUserDefault.m in Sources */,
			);
			runOnlyForDeploymentPostprocessing = 0;
		};
/* End PBXSourcesBuildPhase section */

/* Begin PBXTargetDependency section */
		894320B21992198E0008FCD3 /* PBXTargetDependency */ = {
			isa = PBXTargetDependency;
			target = 894320A11992198E0008FCD3 /* BalanceWheel-OSX */;
			targetProxy = 894320B11992198E0008FCD3 /* PBXContainerItemProxy */;
		};
		894320DA199219990008FCD3 /* PBXTargetDependency */ = {
			isa = PBXTargetDependency;
			target = 894320C5199219990008FCD3 /* BalanceWheel-iOS */;
			targetProxy = 894320D9199219990008FCD3 /* PBXContainerItemProxy */;
		};
/* End PBXTargetDependency section */

/* Begin PBXVariantGroup section */
		894320B71992198E0008FCD3 /* InfoPlist.strings */ = {
			isa = PBXVariantGroup;
			children = (
				894320B81992198E0008FCD3 /* en */,
			);
			name = InfoPlist.strings;
			sourceTree = "<group>";
		};
		894320DF199219990008FCD3 /* InfoPlist.strings */ = {
			isa = PBXVariantGroup;
			children = (
				894320E0199219990008FCD3 /* en */,
			);
			name = InfoPlist.strings;
			sourceTree = "<group>";
		};
/* End PBXVariantGroup section */

/* Begin XCBuildConfiguration section */
		89432096199218ED0008FCD3 /* Debug */ = {
			isa = XCBuildConfiguration;
			buildSettings = {
				ALWAYS_SEARCH_USER_PATHS = NO;
				CLANG_CXX_LANGUAGE_STANDARD = "gnu++0x";
				CLANG_CXX_LIBRARY = "libc++";
				CLANG_ENABLE_MODULES = YES;
				CLANG_ENABLE_OBJC_ARC = YES;
				CLANG_WARN_BOOL_CONVERSION = YES;
				CLANG_WARN_CONSTANT_CONVERSION = YES;
				CLANG_WARN_DIRECT_OBJC_ISA_USAGE = YES_ERROR;
				CLANG_WARN_EMPTY_BODY = YES;
				CLANG_WARN_ENUM_CONVERSION = YES;
				CLANG_WARN_INT_CONVERSION = YES;
				CLANG_WARN_OBJC_ROOT_CLASS = YES_ERROR;
				CLANG_WARN__DUPLICATE_METHOD_MATCH = YES;
				COPY_PHASE_STRIP = NO;
				GCC_C_LANGUAGE_STANDARD = gnu99;
				GCC_DYNAMIC_NO_PIC = NO;
				GCC_ENABLE_OBJC_EXCEPTIONS = YES;
				GCC_OPTIMIZATION_LEVEL = 0;
				GCC_PREPROCESSOR_DEFINITIONS = (
					"DEBUG=1",
					"$(inherited)",
				);
				GCC_SYMBOLS_PRIVATE_EXTERN = NO;
				GCC_WARN_64_TO_32_BIT_CONVERSION = YES;
				GCC_WARN_ABOUT_RETURN_TYPE = YES_ERROR;
				GCC_WARN_UNDECLARED_SELECTOR = YES;
				GCC_WARN_UNINITIALIZED_AUTOS = YES_AGGRESSIVE;
				GCC_WARN_UNUSED_FUNCTION = YES;
				GCC_WARN_UNUSED_VARIABLE = YES;
				MACOSX_DEPLOYMENT_TARGET = 10.9;
				ONLY_ACTIVE_ARCH = YES;
				SDKROOT = macosx;
			};
			name = Debug;
		};
		89432097199218ED0008FCD3 /* Release */ = {
			isa = XCBuildConfiguration;
			buildSettings = {
				ALWAYS_SEARCH_USER_PATHS = NO;
				CLANG_CXX_LANGUAGE_STANDARD = "gnu++0x";
				CLANG_CXX_LIBRARY = "libc++";
				CLANG_ENABLE_MODULES = YES;
				CLANG_ENABLE_OBJC_ARC = YES;
				CLANG_WARN_BOOL_CONVERSION = YES;
				CLANG_WARN_CONSTANT_CONVERSION = YES;
				CLANG_WARN_DIRECT_OBJC_ISA_USAGE = YES_ERROR;
				CLANG_WARN_EMPTY_BODY = YES;
				CLANG_WARN_ENUM_CONVERSION = YES;
				CLANG_WARN_INT_CONVERSION = YES;
				CLANG_WARN_OBJC_ROOT_CLASS = YES_ERROR;
				CLANG_WARN__DUPLICATE_METHOD_MATCH = YES;
				COPY_PHASE_STRIP = YES;
				DEBUG_INFORMATION_FORMAT = "dwarf-with-dsym";
				ENABLE_NS_ASSERTIONS = NO;
				GCC_C_LANGUAGE_STANDARD = gnu99;
				GCC_ENABLE_OBJC_EXCEPTIONS = YES;
				GCC_WARN_64_TO_32_BIT_CONVERSION = YES;
				GCC_WARN_ABOUT_RETURN_TYPE = YES_ERROR;
				GCC_WARN_UNDECLARED_SELECTOR = YES;
				GCC_WARN_UNINITIALIZED_AUTOS = YES_AGGRESSIVE;
				GCC_WARN_UNUSED_FUNCTION = YES;
				GCC_WARN_UNUSED_VARIABLE = YES;
				MACOSX_DEPLOYMENT_TARGET = 10.9;
				SDKROOT = macosx;
			};
			name = Release;
		};
		894320BD1992198E0008FCD3 /* Debug */ = {
			isa = XCBuildConfiguration;
			baseConfigurationReference = B746A31E1CC14788B51EDC17 /* Pods-BalanceWheel-OSX.xcconfig */;
			buildSettings = {
				COMBINE_HIDPI_IMAGES = YES;
				GCC_PRECOMPILE_PREFIX_HEADER = YES;
				GCC_PREFIX_HEADER = "BalanceWheel-OSX/BalanceWheel-OSX-Prefix.pch";
				GCC_PREPROCESSOR_DEFINITIONS = (
					"DEBUG=1",
					"$(inherited)",
				);
				PRODUCT_NAME = "$(TARGET_NAME)";
			};
			name = Debug;
		};
		894320BE1992198E0008FCD3 /* Release */ = {
			isa = XCBuildConfiguration;
			baseConfigurationReference = B746A31E1CC14788B51EDC17 /* Pods-BalanceWheel-OSX.xcconfig */;
			buildSettings = {
				COMBINE_HIDPI_IMAGES = YES;
				GCC_PRECOMPILE_PREFIX_HEADER = YES;
				GCC_PREFIX_HEADER = "BalanceWheel-OSX/BalanceWheel-OSX-Prefix.pch";
				PRODUCT_NAME = "$(TARGET_NAME)";
			};
			name = Release;
		};
		894320C01992198E0008FCD3 /* Debug */ = {
			isa = XCBuildConfiguration;
			baseConfigurationReference = B746A31E1CC14788B51EDC17 /* Pods-BalanceWheel-OSX.xcconfig */;
			buildSettings = {
				COMBINE_HIDPI_IMAGES = YES;
				FRAMEWORK_SEARCH_PATHS = (
					"$(DEVELOPER_FRAMEWORKS_DIR)",
					"$(inherited)",
				);
				GCC_PRECOMPILE_PREFIX_HEADER = YES;
				GCC_PREFIX_HEADER = "BalanceWheel-OSX/BalanceWheel-OSX-Prefix.pch";
				GCC_PREPROCESSOR_DEFINITIONS = (
					"DEBUG=1",
					"$(inherited)",
				);
				INFOPLIST_FILE = "BalanceWheel-OSXTests/BalanceWheel-OSXTests-Info.plist";
				PRODUCT_NAME = "$(TARGET_NAME)";
				WRAPPER_EXTENSION = xctest;
			};
			name = Debug;
		};
		894320C11992198E0008FCD3 /* Release */ = {
			isa = XCBuildConfiguration;
			buildSettings = {
				COMBINE_HIDPI_IMAGES = YES;
				FRAMEWORK_SEARCH_PATHS = (
					"$(DEVELOPER_FRAMEWORKS_DIR)",
					"$(inherited)",
				);
				GCC_PRECOMPILE_PREFIX_HEADER = YES;
				GCC_PREFIX_HEADER = "BalanceWheel-OSX/BalanceWheel-OSX-Prefix.pch";
				INFOPLIST_FILE = "BalanceWheel-OSXTests/BalanceWheel-OSXTests-Info.plist";
				PRODUCT_NAME = "$(TARGET_NAME)";
				WRAPPER_EXTENSION = xctest;
			};
			name = Release;
		};
		894320E5199219990008FCD3 /* Debug */ = {
			isa = XCBuildConfiguration;
			baseConfigurationReference = 55AEAC00F54A411989BD828E /* Pods-BalanceWheel-iOS.xcconfig */;
			buildSettings = {
				DSTROOT = /tmp/BalanceWheel_iOS.dst;
				GCC_PRECOMPILE_PREFIX_HEADER = YES;
				GCC_PREFIX_HEADER = "BalanceWheel-iOS/BalanceWheel-iOS-Prefix.pch";
				GCC_PREPROCESSOR_DEFINITIONS = (
					"DEBUG=1",
					"$(inherited)",
				);
				IPHONEOS_DEPLOYMENT_TARGET = 7.1;
				OTHER_LDFLAGS = "-ObjC";
				PRODUCT_NAME = "$(TARGET_NAME)";
				SDKROOT = iphoneos;
				SKIP_INSTALL = YES;
			};
			name = Debug;
		};
		894320E6199219990008FCD3 /* Release */ = {
			isa = XCBuildConfiguration;
			baseConfigurationReference = 55AEAC00F54A411989BD828E /* Pods-BalanceWheel-iOS.xcconfig */;
			buildSettings = {
				DSTROOT = /tmp/BalanceWheel_iOS.dst;
				GCC_PRECOMPILE_PREFIX_HEADER = YES;
				GCC_PREFIX_HEADER = "BalanceWheel-iOS/BalanceWheel-iOS-Prefix.pch";
				IPHONEOS_DEPLOYMENT_TARGET = 7.1;
				OTHER_LDFLAGS = "-ObjC";
				PRODUCT_NAME = "$(TARGET_NAME)";
				SDKROOT = iphoneos;
				SKIP_INSTALL = YES;
				VALIDATE_PRODUCT = YES;
			};
			name = Release;
		};
		894320E8199219990008FCD3 /* Debug */ = {
			isa = XCBuildConfiguration;
			baseConfigurationReference = 55AEAC00F54A411989BD828E /* Pods-BalanceWheel-iOS.xcconfig */;
			buildSettings = {
				FRAMEWORK_SEARCH_PATHS = (
					"$(SDKROOT)/Developer/Library/Frameworks",
					"$(inherited)",
					"$(DEVELOPER_FRAMEWORKS_DIR)",
				);
				GCC_PRECOMPILE_PREFIX_HEADER = YES;
				GCC_PREFIX_HEADER = "BalanceWheel-iOS/BalanceWheel-iOS-Prefix.pch";
				GCC_PREPROCESSOR_DEFINITIONS = (
					"DEBUG=1",
					"$(inherited)",
				);
				INFOPLIST_FILE = "BalanceWheel-iOSTests/BalanceWheel-iOSTests-Info.plist";
				IPHONEOS_DEPLOYMENT_TARGET = 7.1;
				PRODUCT_NAME = "$(TARGET_NAME)";
				SDKROOT = iphoneos;
				WRAPPER_EXTENSION = xctest;
			};
			name = Debug;
		};
		894320E9199219990008FCD3 /* Release */ = {
			isa = XCBuildConfiguration;
			buildSettings = {
				FRAMEWORK_SEARCH_PATHS = (
					"$(SDKROOT)/Developer/Library/Frameworks",
					"$(inherited)",
					"$(DEVELOPER_FRAMEWORKS_DIR)",
				);
				GCC_PRECOMPILE_PREFIX_HEADER = YES;
				GCC_PREFIX_HEADER = "BalanceWheel-iOS/BalanceWheel-iOS-Prefix.pch";
				INFOPLIST_FILE = "BalanceWheel-iOSTests/BalanceWheel-iOSTests-Info.plist";
				IPHONEOS_DEPLOYMENT_TARGET = 7.1;
				PRODUCT_NAME = "$(TARGET_NAME)";
				SDKROOT = iphoneos;
				VALIDATE_PRODUCT = YES;
				WRAPPER_EXTENSION = xctest;
			};
			name = Release;
		};
/* End XCBuildConfiguration section */

/* Begin XCConfigurationList section */
		8943206F199218EC0008FCD3 /* Build configuration list for PBXProject "BalanceWheel" */ = {
			isa = XCConfigurationList;
			buildConfigurations = (
				89432096199218ED0008FCD3 /* Debug */,
				89432097199218ED0008FCD3 /* Release */,
			);
			defaultConfigurationIsVisible = 0;
			defaultConfigurationName = Release;
		};
		894320BC1992198E0008FCD3 /* Build configuration list for PBXNativeTarget "BalanceWheel-OSX" */ = {
			isa = XCConfigurationList;
			buildConfigurations = (
				894320BD1992198E0008FCD3 /* Debug */,
				894320BE1992198E0008FCD3 /* Release */,
			);
			defaultConfigurationIsVisible = 0;
			defaultConfigurationName = Release;
		};
		894320BF1992198E0008FCD3 /* Build configuration list for PBXNativeTarget "BalanceWheel-OSXTests" */ = {
			isa = XCConfigurationList;
			buildConfigurations = (
				894320C01992198E0008FCD3 /* Debug */,
				894320C11992198E0008FCD3 /* Release */,
			);
			defaultConfigurationIsVisible = 0;
			defaultConfigurationName = Release;
		};
		894320E4199219990008FCD3 /* Build configuration list for PBXNativeTarget "BalanceWheel-iOS" */ = {
			isa = XCConfigurationList;
			buildConfigurations = (
				894320E5199219990008FCD3 /* Debug */,
				894320E6199219990008FCD3 /* Release */,
			);
			defaultConfigurationIsVisible = 0;
			defaultConfigurationName = Release;
		};
		894320E7199219990008FCD3 /* Build configuration list for PBXNativeTarget "BalanceWheel-iOSTests" */ = {
			isa = XCConfigurationList;
			buildConfigurations = (
				894320E8199219990008FCD3 /* Debug */,
				894320E9199219990008FCD3 /* Release */,
			);
			defaultConfigurationIsVisible = 0;
			defaultConfigurationName = Release;
		};
/* End XCConfigurationList section */
	};
	rootObject = 8943206C199218EC0008FCD3 /* Project object */;
}
